// !$*UTF8*$!
{
	archiveVersion = 1;
	classes = {
	};
	objectVersion = 77;
	objects = {

/* Begin PBXBuildFile section */
		684427012D13D580002E9BC6 /* Preview Assets.xcassets in Resources */ = {isa = PBXBuildFile; fileRef = 684426FF2D13D580002E9BC6 /* Preview Assets.xcassets */; };
		684427022D13D580002E9BC6 /* Assets.xcassets in Resources */ = {isa = PBXBuildFile; fileRef = 684426FB2D13D580002E9BC6 /* Assets.xcassets */; };
		684427032D13D580002E9BC6 /* myBrainApp.swift in Sources */ = {isa = PBXBuildFile; fileRef = 684426FE2D13D580002E9BC6 /* myBrainApp.swift */; };
		684427042D13D580002E9BC6 /* ContentView.swift in Sources */ = {isa = PBXBuildFile; fileRef = 684426FC2D13D580002E9BC6 /* ContentView.swift */; };
		684427052D13D580002E9BC6 /* AppItem.swift in Sources */ = {isa = PBXBuildFile; fileRef = 684426FD2D13D580002E9BC6 /* AppItem.swift */; };
		6844270E2D13D862002E9BC6 /* AuthViewModel.swift in Sources */ = {isa = PBXBuildFile; fileRef = 6844270D2D13D862002E9BC6 /* AuthViewModel.swift */; };
		6844271C2D13E5B6002E9BC6 /* ThoughtsViewModel.swift in Sources */ = {isa = PBXBuildFile; fileRef = 6844271B2D13E5B6002E9BC6 /* ThoughtsViewModel.swift */; };
		6844272D2D13F09C002E9BC6 /* myBrain by neocoreShare.appex in Embed Foundation Extensions */ = {isa = PBXBuildFile; fileRef = 684427232D13F09C002E9BC6 /* myBrain by neocoreShare.appex */; settings = {ATTRIBUTES = (RemoveHeadersOnCopy, ); }; };
		684427382D13F22E002E9BC6 /* SharedDataManager.swift in Sources */ = {isa = PBXBuildFile; fileRef = 684427372D13F22E002E9BC6 /* SharedDataManager.swift */; };
		684427392D13F22E002E9BC6 /* SharedDataManager.swift in Sources */ = {isa = PBXBuildFile; fileRef = 684427372D13F22E002E9BC6 /* SharedDataManager.swift */; };
		68DF43FD2D20CE5F00A6E46C /* SubtitleViewModel.swift in Sources */ = {isa = PBXBuildFile; fileRef = 68DF43FC2D20CE5F00A6E46C /* SubtitleViewModel.swift */; };
		68DF43FF2D20CEA800A6E46C /* ChapterData.swift in Sources */ = {isa = PBXBuildFile; fileRef = 68DF43FE2D20CEA800A6E46C /* ChapterData.swift */; };
		68FE23132D43328F00FA59AA /* Lottie in Frameworks */ = {isa = PBXBuildFile; productRef = 68FE23122D43328F00FA59AA /* Lottie */; };
		74263C092DDADA3800953598 /* .gitattributes in Resources */ = {isa = PBXBuildFile; fileRef = 74263C082DDADA3400953598 /* .gitattributes */; };
		74263C292DDADAE800953598 /* AnimatedParagraphView.swift in Sources */ = {isa = PBXBuildFile; fileRef = 74263C0A2DDADAE800953598 /* AnimatedParagraphView.swift */; };
		74263C2B2DDADAE800953598 /* SignalProcessing.swift in Sources */ = {isa = PBXBuildFile; fileRef = 74263C1A2DDADAE800953598 /* SignalProcessing.swift */; };
		74263C2D2DDADAE800953598 /* FeedbackPlotView.swift in Sources */ = {isa = PBXBuildFile; fileRef = 74263C0F2DDADAE800953598 /* FeedbackPlotView.swift */; };
		74263C2F2DDADAE800953598 /* DeviceDetailsView.swift in Sources */ = {isa = PBXBuildFile; fileRef = 74263C0E2DDADAE800953598 /* DeviceDetailsView.swift */; };
		74263C312DDADAE800953598 /* OnboardingView.swift in Sources */ = {isa = PBXBuildFile; fileRef = 74263C152DDADAE800953598 /* OnboardingView.swift */; };
		74263C352DDADAE800953598 /* TestSignalView.swift in Sources */ = {isa = PBXBuildFile; fileRef = 74263C1E2DDADAE800953598 /* TestSignalView.swift */; };
		74263C362DDADAE800953598 /* BluetoothService.swift in Sources */ = {isa = PBXBuildFile; fileRef = 74263C0B2DDADAE800953598 /* BluetoothService.swift */; };
		74263C382DDADAE800953598 /* OnboardingViewModel.swift in Sources */ = {isa = PBXBuildFile; fileRef = 74263C162DDADAE800953598 /* OnboardingViewModel.swift */; };
		74263C392DDADAE800953598 /* SubtitleView.swift in Sources */ = {isa = PBXBuildFile; fileRef = 74263C1D2DDADAE800953598 /* SubtitleView.swift */; };
		74263C3B2DDADAE800953598 /* InsightCard.swift in Sources */ = {isa = PBXBuildFile; fileRef = 74263C122DDADAE800953598 /* InsightCard.swift */; };
		74263C3C2DDADAE800953598 /* LoginScreen.swift in Sources */ = {isa = PBXBuildFile; fileRef = 74263C132DDADAE800953598 /* LoginScreen.swift */; };
		74263C3E2DDADAE800953598 /* TestSignalViewModel.swift in Sources */ = {isa = PBXBuildFile; fileRef = 74263C1F2DDADAE800953598 /* TestSignalViewModel.swift */; };
		74263C3F2DDADAE800953598 /* SceneKitUSDZView.swift in Sources */ = {isa = PBXBuildFile; fileRef = 74263C192DDADAE800953598 /* SceneKitUSDZView.swift */; };
		74263C402DDADAE800953598 /* ChapterCompletionView.swift in Sources */ = {isa = PBXBuildFile; fileRef = 74263C0D2DDADAE800953598 /* ChapterCompletionView.swift */; };
		74263C422DDADAE800953598 /* StreamThoughtView.swift in Sources */ = {isa = PBXBuildFile; fileRef = 74263C1C2DDADAE800953598 /* StreamThoughtView.swift */; };
		74263C4D2DDADAE800953598 /* LottieView.swift in Sources */ = {isa = PBXBuildFile; fileRef = 74263C462DDADAE800953598 /* LottieView.swift */; };
		74263C4E2DDADAE800953598 /* ShareExtensionProgressView.swift in Sources */ = {isa = PBXBuildFile; fileRef = 74263C4A2DDADAE800953598 /* ShareExtensionProgressView.swift */; };
		74263C4F2DDADAE800953598 /* ShareViewController.swift in Sources */ = {isa = PBXBuildFile; fileRef = 74263C4B2DDADAE800953598 /* ShareViewController.swift */; };
		74263C512DDADAE800953598 /* loadingAnimation.json in Resources */ = {isa = PBXBuildFile; fileRef = 74263C452DDADAE800953598 /* loadingAnimation.json */; };
		74263C522DDADAE800953598 /* MainInterface.storyboard in Resources */ = {isa = PBXBuildFile; fileRef = 74263C472DDADAE800953598 /* MainInterface.storyboard */; };
		74263C532DDADAE800953598 /* myAnimation.gif in Resources */ = {isa = PBXBuildFile; fileRef = 74263C482DDADAE800953598 /* myAnimation.gif */; };
		74263C7C2DDAF4AA00953598 /* BluetoothModels.swift in Sources */ = {isa = PBXBuildFile; fileRef = 74263C7B2DDAF4A700953598 /* BluetoothModels.swift */; };
		74263C872DDAF63500953598 /* AnimatedLineChartView.swift in Sources */ = {isa = PBXBuildFile; fileRef = 74263C862DDAF63500953598 /* AnimatedLineChartView.swift */; };
		74263C892DDAF66400953598 /* Constants.swift in Sources */ = {isa = PBXBuildFile; fileRef = 74263C882DDAF66200953598 /* Constants.swift */; };
		74263C8F2DDAF6F700953598 /* Localizable.strings in Resources */ = {isa = PBXBuildFile; fileRef = 74263C8E2DDAF6F400953598 /* Localizable.strings */; };
		743D5BBA2DFC464000C4F71E /* MainTabView.swift in Sources */ = {isa = PBXBuildFile; fileRef = 743D5BB72DFC464000C4F71E /* MainTabView.swift */; };
		743D5BBB2DFC464000C4F71E /* ProfileView.swift in Sources */ = {isa = PBXBuildFile; fileRef = 743D5BB82DFC464000C4F71E /* ProfileView.swift */; };
		743D5BBC2DFC464000C4F71E /* HomeView.swift in Sources */ = {isa = PBXBuildFile; fileRef = 743D5BB62DFC464000C4F71E /* HomeView.swift */; };
		743D5BBE2DFC464000C4F71E /* SettingsView.swift in Sources */ = {isa = PBXBuildFile; fileRef = 743D5BB42DFC464000C4F71E /* SettingsView.swift */; };
		743D5BBF2DFC464000C4F71E /* DeviceView.swift in Sources */ = {isa = PBXBuildFile; fileRef = 743D5BB52DFC464000C4F71E /* DeviceView.swift */; };
		745BE79E2E23D02300FA1CC1 /* ListeningContainerView.swift in Sources */ = {isa = PBXBuildFile; fileRef = 745BE79D2E23D01F00FA1CC1 /* ListeningContainerView.swift */; };
		745BE7A02E23D02800FA1CC1 /* AudioPlayerView.swift in Sources */ = {isa = PBXBuildFile; fileRef = 745BE79F2E23D02500FA1CC1 /* AudioPlayerView.swift */; };
		745BE7A22E23D02D00FA1CC1 /* AudioControlsView.swift in Sources */ = {isa = PBXBuildFile; fileRef = 745BE7A12E23D02A00FA1CC1 /* AudioControlsView.swift */; };
		745BE7A42E23D03500FA1CC1 /* ListeningStatusOverlay.swift in Sources */ = {isa = PBXBuildFile; fileRef = 745BE7A32E23D02E00FA1CC1 /* ListeningStatusOverlay.swift */; };
		745BE7A62E23D03A00FA1CC1 /* AudioStreamingViewModel.swift in Sources */ = {isa = PBXBuildFile; fileRef = 745BE7A52E23D03600FA1CC1 /* AudioStreamingViewModel.swift */; };
		745BE7A82E23D03F00FA1CC1 /* AudioSessionManager.swift in Sources */ = {isa = PBXBuildFile; fileRef = 745BE7A72E23D03C00FA1CC1 /* AudioSessionManager.swift */; };
		745BE7AA2E23D05C00FA1CC1 /* AudioStreamingModels.swift in Sources */ = {isa = PBXBuildFile; fileRef = 745BE7A92E23D04100FA1CC1 /* AudioStreamingModels.swift */; };
		7468256F2DDCE58B0089AE37 /* ImageLoader.swift in Sources */ = {isa = PBXBuildFile; fileRef = 7468256E2DDCE5880089AE37 /* ImageLoader.swift */; };
		747377F72E26CC2100C50D04 /* ReadingView.swift in Sources */ = {isa = PBXBuildFile; fileRef = 747377F62E26CC1F00C50D04 /* ReadingView.swift */; };
		747A54B32DFDC0B400BD9541 /* ThoughtCard.swift in Sources */ = {isa = PBXBuildFile; fileRef = 747A54B22DFDC0A900BD9541 /* ThoughtCard.swift */; };
		7489330C2E2389BE007A5340 /* ReadingViewModel.swift in Sources */ = {isa = PBXBuildFile; fileRef = 7489330B2E2389BB007A5340 /* ReadingViewModel.swift */; };
		7489330E2E2389C2007A5340 /* ReadingModels.swift in Sources */ = {isa = PBXBuildFile; fileRef = 7489330D2E2389C1007A5340 /* ReadingModels.swift */; };
		748C65842E27684800C912FB /* ActionButtons.swift in Sources */ = {isa = PBXBuildFile; fileRef = 748C65832E27684700C912FB /* ActionButtons.swift */; };
		748DF72A2E1BA15400FD4080 /* AvatarImageCache.swift in Sources */ = {isa = PBXBuildFile; fileRef = 748DF7292E1BA15100FD4080 /* AvatarImageCache.swift */; };
		748DF72C2E1BA17600FD4080 /* CachedAvatarView.swift in Sources */ = {isa = PBXBuildFile; fileRef = 748DF72B2E1BA17400FD4080 /* CachedAvatarView.swift */; };
		748E387F2E1E822E004FADCA /* PopupMenu.swift in Sources */ = {isa = PBXBuildFile; fileRef = 748E387E2E1E822D004FADCA /* PopupMenu.swift */; };
		74929B2D2E0BD17F008DA6A6 /* ProfileManager.swift in Sources */ = {isa = PBXBuildFile; fileRef = 74929B2C2E0BD17C008DA6A6 /* ProfileManager.swift */; };
		7499D9082E02A652007E8C92 /* Thought+URLProcessing.swift in Sources */ = {isa = PBXBuildFile; fileRef = 7499D9072E02A64E007E8C92 /* Thought+URLProcessing.swift */; };
		74AA48072E221C3700B6D017 /* ActionRow.swift in Sources */ = {isa = PBXBuildFile; fileRef = 74AA48062E221C3600B6D017 /* ActionRow.swift */; };
		74B3FDAD2E1CD6AF00173269 /* BottomSheetPicker.swift in Sources */ = {isa = PBXBuildFile; fileRef = 74B3FDAC2E1CD6AC00173269 /* BottomSheetPicker.swift */; };
		74BC7E582E000DB400A9C2F4 /* NetworkServiceManager.swift in Sources */ = {isa = PBXBuildFile; fileRef = 74BC7E572E000DAD00A9C2F4 /* NetworkServiceManager.swift */; };
		74BC7E5A2E000DB900A9C2F4 /* HTTPNetworkService.swift in Sources */ = {isa = PBXBuildFile; fileRef = 74BC7E592E000DB700A9C2F4 /* HTTPNetworkService.swift */; };
		74BC7E5C2E000DC100A9C2F4 /* WebSocketNetworkService.swift in Sources */ = {isa = PBXBuildFile; fileRef = 74BC7E5B2E000DBE00A9C2F4 /* WebSocketNetworkService.swift */; };
		74BC7E5E2E000DCB00A9C2F4 /* TokenStorage.swift in Sources */ = {isa = PBXBuildFile; fileRef = 74BC7E5D2E000DC900A9C2F4 /* TokenStorage.swift */; };
		74BC7E602E000DE700A9C2F4 /* NetworkProtocols.swift in Sources */ = {isa = PBXBuildFile; fileRef = 74BC7E5F2E000DE500A9C2F4 /* NetworkProtocols.swift */; };
		74BC7E622E000DEF00A9C2F4 /* WebSocketProtocols.swift in Sources */ = {isa = PBXBuildFile; fileRef = 74BC7E612E000DEE00A9C2F4 /* WebSocketProtocols.swift */; };
		74BC7E642E000DF900A9C2F4 /* NetworkModels.swift in Sources */ = {isa = PBXBuildFile; fileRef = 74BC7E632E000DF800A9C2F4 /* NetworkModels.swift */; };
		74BC7E662E000E0000A9C2F4 /* RequestModels.swift in Sources */ = {isa = PBXBuildFile; fileRef = 74BC7E652E000DFF00A9C2F4 /* RequestModels.swift */; };
		74BC7E682E000E0700A9C2F4 /* ResponseModels.swift in Sources */ = {isa = PBXBuildFile; fileRef = 74BC7E672E000E0600A9C2F4 /* ResponseModels.swift */; };
		74BC7E6A2E000E0E00A9C2F4 /* WebSocketModels.swift in Sources */ = {isa = PBXBuildFile; fileRef = 74BC7E692E000E0C00A9C2F4 /* WebSocketModels.swift */; };
		74BC7E6C2E000E1B00A9C2F4 /* KeychainHelper.swift in Sources */ = {isa = PBXBuildFile; fileRef = 74BC7E6B2E000E1800A9C2F4 /* KeychainHelper.swift */; };
		74BC7E6E2E000E1F00A9C2F4 /* NetworkConstants.swift in Sources */ = {isa = PBXBuildFile; fileRef = 74BC7E6D2E000E1E00A9C2F4 /* NetworkConstants.swift */; };
		74BC7E702E00109800A9C2F4 /* AuthenticationAPI+Implementation.swift in Sources */ = {isa = PBXBuildFile; fileRef = 74BC7E6F2E00109300A9C2F4 /* AuthenticationAPI+Implementation.swift */; };
		74BC7E722E0010D200A9C2F4 /* ProfileAPI+Implementation.swift in Sources */ = {isa = PBXBuildFile; fileRef = 74BC7E712E0010D000A9C2F4 /* ProfileAPI+Implementation.swift */; };
		74BC7E762E0013B300A9C2F4 /* UsageExample.swift in Sources */ = {isa = PBXBuildFile; fileRef = 74BC7E752E0013B100A9C2F4 /* UsageExample.swift */; };
		74BC7E782E0013D500A9C2F4 /* ThoughtsAPI+Implementation.swift in Sources */ = {isa = PBXBuildFile; fileRef = 74BC7E772E0013D300A9C2F4 /* ThoughtsAPI+Implementation.swift */; };
		74BC7E7A2E0027DB00A9C2F4 /* GlobalServices.swift in Sources */ = {isa = PBXBuildFile; fileRef = 74BC7E792E0027D600A9C2F4 /* GlobalServices.swift */; };
		74C2860B2DB4C31A00CF836B /* AppleAuthManager.swift in Sources */ = {isa = PBXBuildFile; fileRef = 74C2860A2DB4C30E00CF836B /* AppleAuthManager.swift */; };
		74C2860D2DB4C32400CF836B /* GoogleAuthManager.swift in Sources */ = {isa = PBXBuildFile; fileRef = 74C2860C2DB4C32100CF836B /* GoogleAuthManager.swift */; };
		74C286102DB4D0E900CF836B /* GoogleSignIn in Frameworks */ = {isa = PBXBuildFile; productRef = 74C2860F2DB4D0E900CF836B /* GoogleSignIn */; };
		74C286122DB4D0E900CF836B /* GoogleSignInSwift in Frameworks */ = {isa = PBXBuildFile; productRef = 74C286112DB4D0E900CF836B /* GoogleSignInSwift */; };
		74C286142DB4D5EB00CF836B /* client_312380135422-bko7g13qv6ggt7e5cc7dlt6lsquq7qi4.apps.googleusercontent.com.plist in Resources */ = {isa = PBXBuildFile; fileRef = 74C286132DB4D5EB00CF836B /* client_312380135422-bko7g13qv6ggt7e5cc7dlt6lsquq7qi4.apps.googleusercontent.com.plist */; };
		74D58B352E151AB7008B62DC /* AppStateManager.swift in Sources */ = {isa = PBXBuildFile; fileRef = 74D58B342E151AB3008B62DC /* AppStateManager.swift */; };
		74D58B382E152780008B62DC /* AppNavigationBar.swift in Sources */ = {isa = PBXBuildFile; fileRef = 74D58B372E152776008B62DC /* AppNavigationBar.swift */; };
		74EC8AA52DCE6590008DE8A9 /* BackgroundManager.swift in Sources */ = {isa = PBXBuildFile; fileRef = 74EC8AA42DCE6588008DE8A9 /* BackgroundManager.swift */; };
/* End PBXBuildFile section */

/* Begin PBXContainerItemProxy section */
		6844272B2D13F09C002E9BC6 /* PBXContainerItemProxy */ = {
			isa = PBXContainerItemProxy;
			containerPortal = 684426C02D13CF03002E9BC6 /* Project object */;
			proxyType = 1;
			remoteGlobalIDString = 684427222D13F09C002E9BC6;
			remoteInfo = myBrainShare;
		};
/* End PBXContainerItemProxy section */

/* Begin PBXCopyFilesBuildPhase section */
		684427322D13F09C002E9BC6 /* Embed Foundation Extensions */ = {
			isa = PBXCopyFilesBuildPhase;
			buildActionMask = 2147483647;
			dstPath = "";
			dstSubfolderSpec = 13;
			files = (
				6844272D2D13F09C002E9BC6 /* myBrain by neocoreShare.appex in Embed Foundation Extensions */,
			);
			name = "Embed Foundation Extensions";
			runOnlyForDeploymentPostprocessing = 0;
		};
/* End PBXCopyFilesBuildPhase section */

/* Begin PBXFileReference section */
		684426C82D13CF03002E9BC6 /* myBrain by neocore.app */ = {isa = PBXFileReference; explicitFileType = wrapper.application; includeInIndex = 0; path = "myBrain by neocore.app"; sourceTree = BUILT_PRODUCTS_DIR; };
		684426FB2D13D580002E9BC6 /* Assets.xcassets */ = {isa = PBXFileReference; lastKnownFileType = folder.assetcatalog; path = Assets.xcassets; sourceTree = "<group>"; };
		684426FC2D13D580002E9BC6 /* ContentView.swift */ = {isa = PBXFileReference; lastKnownFileType = sourcecode.swift; path = ContentView.swift; sourceTree = "<group>"; };
		684426FD2D13D580002E9BC6 /* AppItem.swift */ = {isa = PBXFileReference; lastKnownFileType = sourcecode.swift; path = AppItem.swift; sourceTree = "<group>"; };
		684426FE2D13D580002E9BC6 /* myBrainApp.swift */ = {isa = PBXFileReference; lastKnownFileType = sourcecode.swift; path = myBrainApp.swift; sourceTree = "<group>"; };
		684426FF2D13D580002E9BC6 /* Preview Assets.xcassets */ = {isa = PBXFileReference; lastKnownFileType = folder.assetcatalog; path = "Preview Assets.xcassets"; sourceTree = "<group>"; };
		6844270D2D13D862002E9BC6 /* AuthViewModel.swift */ = {isa = PBXFileReference; lastKnownFileType = sourcecode.swift; path = AuthViewModel.swift; sourceTree = "<group>"; };
		6844271B2D13E5B6002E9BC6 /* ThoughtsViewModel.swift */ = {isa = PBXFileReference; lastKnownFileType = sourcecode.swift; path = ThoughtsViewModel.swift; sourceTree = "<group>"; };
		684427232D13F09C002E9BC6 /* myBrain by neocoreShare.appex */ = {isa = PBXFileReference; explicitFileType = "wrapper.app-extension"; includeInIndex = 0; path = "myBrain by neocoreShare.appex"; sourceTree = BUILT_PRODUCTS_DIR; };
		684427332D13F189002E9BC6 /* myBrain.entitlements */ = {isa = PBXFileReference; lastKnownFileType = text.plist.entitlements; name = myBrain.entitlements; path = myBrain/myBrain.entitlements; sourceTree = "<group>"; };
		684427372D13F22E002E9BC6 /* SharedDataManager.swift */ = {isa = PBXFileReference; lastKnownFileType = sourcecode.swift; path = SharedDataManager.swift; sourceTree = "<group>"; };
		68DF43FC2D20CE5F00A6E46C /* SubtitleViewModel.swift */ = {isa = PBXFileReference; lastKnownFileType = sourcecode.swift; path = SubtitleViewModel.swift; sourceTree = "<group>"; };
		68DF43FE2D20CEA800A6E46C /* ChapterData.swift */ = {isa = PBXFileReference; lastKnownFileType = sourcecode.swift; path = ChapterData.swift; sourceTree = "<group>"; };
		74263C082DDADA3400953598 /* .gitattributes */ = {isa = PBXFileReference; lastKnownFileType = text; path = .gitattributes; sourceTree = "<group>"; };
		74263C0A2DDADAE800953598 /* AnimatedParagraphView.swift */ = {isa = PBXFileReference; lastKnownFileType = sourcecode.swift; path = AnimatedParagraphView.swift; sourceTree = "<group>"; };
		74263C0B2DDADAE800953598 /* BluetoothService.swift */ = {isa = PBXFileReference; lastKnownFileType = sourcecode.swift; path = BluetoothService.swift; sourceTree = "<group>"; };
		74263C0D2DDADAE800953598 /* ChapterCompletionView.swift */ = {isa = PBXFileReference; lastKnownFileType = sourcecode.swift; path = ChapterCompletionView.swift; sourceTree = "<group>"; };
		74263C0E2DDADAE800953598 /* DeviceDetailsView.swift */ = {isa = PBXFileReference; lastKnownFileType = sourcecode.swift; path = DeviceDetailsView.swift; sourceTree = "<group>"; };
		74263C0F2DDADAE800953598 /* FeedbackPlotView.swift */ = {isa = PBXFileReference; lastKnownFileType = sourcecode.swift; path = FeedbackPlotView.swift; sourceTree = "<group>"; };
		74263C122DDADAE800953598 /* InsightCard.swift */ = {isa = PBXFileReference; lastKnownFileType = sourcecode.swift; path = InsightCard.swift; sourceTree = "<group>"; };
		74263C132DDADAE800953598 /* LoginScreen.swift */ = {isa = PBXFileReference; lastKnownFileType = sourcecode.swift; path = LoginScreen.swift; sourceTree = "<group>"; };
		74263C152DDADAE800953598 /* OnboardingView.swift */ = {isa = PBXFileReference; lastKnownFileType = sourcecode.swift; path = OnboardingView.swift; sourceTree = "<group>"; };
		74263C162DDADAE800953598 /* OnboardingViewModel.swift */ = {isa = PBXFileReference; lastKnownFileType = sourcecode.swift; path = OnboardingViewModel.swift; sourceTree = "<group>"; };
		74263C192DDADAE800953598 /* SceneKitUSDZView.swift */ = {isa = PBXFileReference; lastKnownFileType = sourcecode.swift; path = SceneKitUSDZView.swift; sourceTree = "<group>"; };
		74263C1A2DDADAE800953598 /* SignalProcessing.swift */ = {isa = PBXFileReference; lastKnownFileType = sourcecode.swift; path = SignalProcessing.swift; sourceTree = "<group>"; };
		74263C1C2DDADAE800953598 /* StreamThoughtView.swift */ = {isa = PBXFileReference; lastKnownFileType = sourcecode.swift; path = StreamThoughtView.swift; sourceTree = "<group>"; };
		74263C1D2DDADAE800953598 /* SubtitleView.swift */ = {isa = PBXFileReference; lastKnownFileType = sourcecode.swift; path = SubtitleView.swift; sourceTree = "<group>"; };
		74263C1E2DDADAE800953598 /* TestSignalView.swift */ = {isa = PBXFileReference; lastKnownFileType = sourcecode.swift; path = TestSignalView.swift; sourceTree = "<group>"; };
		74263C1F2DDADAE800953598 /* TestSignalViewModel.swift */ = {isa = PBXFileReference; lastKnownFileType = sourcecode.swift; path = TestSignalViewModel.swift; sourceTree = "<group>"; };
		74263C442DDADAE800953598 /* Info.plist */ = {isa = PBXFileReference; lastKnownFileType = text.plist.xml; path = Info.plist; sourceTree = "<group>"; };
		74263C452DDADAE800953598 /* loadingAnimation.json */ = {isa = PBXFileReference; lastKnownFileType = text.json; path = loadingAnimation.json; sourceTree = "<group>"; };
		74263C462DDADAE800953598 /* LottieView.swift */ = {isa = PBXFileReference; lastKnownFileType = sourcecode.swift; path = LottieView.swift; sourceTree = "<group>"; };
		74263C482DDADAE800953598 /* myAnimation.gif */ = {isa = PBXFileReference; lastKnownFileType = image.gif; path = myAnimation.gif; sourceTree = "<group>"; };
		74263C492DDADAE800953598 /* myBrainShare.entitlements */ = {isa = PBXFileReference; lastKnownFileType = text.plist.entitlements; path = myBrainShare.entitlements; sourceTree = "<group>"; };
		74263C4A2DDADAE800953598 /* ShareExtensionProgressView.swift */ = {isa = PBXFileReference; lastKnownFileType = sourcecode.swift; path = ShareExtensionProgressView.swift; sourceTree = "<group>"; };
		74263C4B2DDADAE800953598 /* ShareViewController.swift */ = {isa = PBXFileReference; lastKnownFileType = sourcecode.swift; path = ShareViewController.swift; sourceTree = "<group>"; };
		74263C4C2DDADAE800953598 /* Base */ = {isa = PBXFileReference; lastKnownFileType = file.storyboard; name = Base; path = Base.lproj/MainInterface.storyboard; sourceTree = "<group>"; };
		74263C7B2DDAF4A700953598 /* BluetoothModels.swift */ = {isa = PBXFileReference; lastKnownFileType = sourcecode.swift; path = BluetoothModels.swift; sourceTree = "<group>"; };
		74263C862DDAF63500953598 /* AnimatedLineChartView.swift */ = {isa = PBXFileReference; lastKnownFileType = sourcecode.swift; path = AnimatedLineChartView.swift; sourceTree = "<group>"; };
		74263C882DDAF66200953598 /* Constants.swift */ = {isa = PBXFileReference; lastKnownFileType = sourcecode.swift; path = Constants.swift; sourceTree = "<group>"; };
		74263C8E2DDAF6F400953598 /* Localizable.strings */ = {isa = PBXFileReference; lastKnownFileType = text.plist.strings; path = Localizable.strings; sourceTree = "<group>"; };
		743D5BB42DFC464000C4F71E /* SettingsView.swift */ = {isa = PBXFileReference; lastKnownFileType = sourcecode.swift; path = SettingsView.swift; sourceTree = "<group>"; };
		743D5BB52DFC464000C4F71E /* DeviceView.swift */ = {isa = PBXFileReference; lastKnownFileType = sourcecode.swift; path = DeviceView.swift; sourceTree = "<group>"; };
		743D5BB62DFC464000C4F71E /* HomeView.swift */ = {isa = PBXFileReference; lastKnownFileType = sourcecode.swift; path = HomeView.swift; sourceTree = "<group>"; };
		743D5BB72DFC464000C4F71E /* MainTabView.swift */ = {isa = PBXFileReference; lastKnownFileType = sourcecode.swift; path = MainTabView.swift; sourceTree = "<group>"; };
		743D5BB82DFC464000C4F71E /* ProfileView.swift */ = {isa = PBXFileReference; lastKnownFileType = sourcecode.swift; path = ProfileView.swift; sourceTree = "<group>"; };
		745BE79D2E23D01F00FA1CC1 /* ListeningContainerView.swift */ = {isa = PBXFileReference; lastKnownFileType = sourcecode.swift; path = ListeningContainerView.swift; sourceTree = "<group>"; };
		745BE79F2E23D02500FA1CC1 /* AudioPlayerView.swift */ = {isa = PBXFileReference; lastKnownFileType = sourcecode.swift; path = AudioPlayerView.swift; sourceTree = "<group>"; };
		745BE7A12E23D02A00FA1CC1 /* AudioControlsView.swift */ = {isa = PBXFileReference; lastKnownFileType = sourcecode.swift; path = AudioControlsView.swift; sourceTree = "<group>"; };
		745BE7A32E23D02E00FA1CC1 /* ListeningStatusOverlay.swift */ = {isa = PBXFileReference; lastKnownFileType = sourcecode.swift; path = ListeningStatusOverlay.swift; sourceTree = "<group>"; };
		745BE7A52E23D03600FA1CC1 /* AudioStreamingViewModel.swift */ = {isa = PBXFileReference; lastKnownFileType = sourcecode.swift; path = AudioStreamingViewModel.swift; sourceTree = "<group>"; };
		745BE7A72E23D03C00FA1CC1 /* AudioSessionManager.swift */ = {isa = PBXFileReference; lastKnownFileType = sourcecode.swift; path = AudioSessionManager.swift; sourceTree = "<group>"; };
		745BE7A92E23D04100FA1CC1 /* AudioStreamingModels.swift */ = {isa = PBXFileReference; lastKnownFileType = sourcecode.swift; path = AudioStreamingModels.swift; sourceTree = "<group>"; };
		7468256E2DDCE5880089AE37 /* ImageLoader.swift */ = {isa = PBXFileReference; lastKnownFileType = sourcecode.swift; path = ImageLoader.swift; sourceTree = "<group>"; };
		747377F62E26CC1F00C50D04 /* ReadingView.swift */ = {isa = PBXFileReference; lastKnownFileType = sourcecode.swift; path = ReadingView.swift; sourceTree = "<group>"; };
		7479BFD92E1263F100F18A48 /* ServerAPI.md */ = {isa = PBXFileReference; lastKnownFileType = net.daringfireball.markdown; path = ServerAPI.md; sourceTree = "<group>"; };
		747A54B22DFDC0A900BD9541 /* ThoughtCard.swift */ = {isa = PBXFileReference; lastKnownFileType = sourcecode.swift; path = ThoughtCard.swift; sourceTree = "<group>"; };
		7489330B2E2389BB007A5340 /* ReadingViewModel.swift */ = {isa = PBXFileReference; lastKnownFileType = sourcecode.swift; path = ReadingViewModel.swift; sourceTree = "<group>"; };
		7489330D2E2389C1007A5340 /* ReadingModels.swift */ = {isa = PBXFileReference; lastKnownFileType = sourcecode.swift; path = ReadingModels.swift; sourceTree = "<group>"; };
		748C65832E27684700C912FB /* ActionButtons.swift */ = {isa = PBXFileReference; lastKnownFileType = sourcecode.swift; path = ActionButtons.swift; sourceTree = "<group>"; };
		748DF7292E1BA15100FD4080 /* AvatarImageCache.swift */ = {isa = PBXFileReference; lastKnownFileType = sourcecode.swift; path = AvatarImageCache.swift; sourceTree = "<group>"; };
		748DF72B2E1BA17400FD4080 /* CachedAvatarView.swift */ = {isa = PBXFileReference; lastKnownFileType = sourcecode.swift; path = CachedAvatarView.swift; sourceTree = "<group>"; };
		748E387E2E1E822D004FADCA /* PopupMenu.swift */ = {isa = PBXFileReference; lastKnownFileType = sourcecode.swift; path = PopupMenu.swift; sourceTree = "<group>"; };
		74929B2C2E0BD17C008DA6A6 /* ProfileManager.swift */ = {isa = PBXFileReference; lastKnownFileType = sourcecode.swift; path = ProfileManager.swift; sourceTree = "<group>"; };
		7499D9072E02A64E007E8C92 /* Thought+URLProcessing.swift */ = {isa = PBXFileReference; lastKnownFileType = sourcecode.swift; path = "Thought+URLProcessing.swift"; sourceTree = "<group>"; };
		74AA48062E221C3600B6D017 /* ActionRow.swift */ = {isa = PBXFileReference; lastKnownFileType = sourcecode.swift; path = ActionRow.swift; sourceTree = "<group>"; };
		74B3FDAC2E1CD6AC00173269 /* BottomSheetPicker.swift */ = {isa = PBXFileReference; lastKnownFileType = sourcecode.swift; path = BottomSheetPicker.swift; sourceTree = "<group>"; };
		74BC7E572E000DAD00A9C2F4 /* NetworkServiceManager.swift */ = {isa = PBXFileReference; lastKnownFileType = sourcecode.swift; path = NetworkServiceManager.swift; sourceTree = "<group>"; };
		74BC7E592E000DB700A9C2F4 /* HTTPNetworkService.swift */ = {isa = PBXFileReference; lastKnownFileType = sourcecode.swift; path = HTTPNetworkService.swift; sourceTree = "<group>"; };
		74BC7E5B2E000DBE00A9C2F4 /* WebSocketNetworkService.swift */ = {isa = PBXFileReference; lastKnownFileType = sourcecode.swift; path = WebSocketNetworkService.swift; sourceTree = "<group>"; };
		74BC7E5D2E000DC900A9C2F4 /* TokenStorage.swift */ = {isa = PBXFileReference; lastKnownFileType = sourcecode.swift; path = TokenStorage.swift; sourceTree = "<group>"; };
		74BC7E5F2E000DE500A9C2F4 /* NetworkProtocols.swift */ = {isa = PBXFileReference; lastKnownFileType = sourcecode.swift; path = NetworkProtocols.swift; sourceTree = "<group>"; };
		74BC7E612E000DEE00A9C2F4 /* WebSocketProtocols.swift */ = {isa = PBXFileReference; lastKnownFileType = sourcecode.swift; path = WebSocketProtocols.swift; sourceTree = "<group>"; };
		74BC7E632E000DF800A9C2F4 /* NetworkModels.swift */ = {isa = PBXFileReference; lastKnownFileType = sourcecode.swift; path = NetworkModels.swift; sourceTree = "<group>"; };
		74BC7E652E000DFF00A9C2F4 /* RequestModels.swift */ = {isa = PBXFileReference; lastKnownFileType = sourcecode.swift; path = RequestModels.swift; sourceTree = "<group>"; };
		74BC7E672E000E0600A9C2F4 /* ResponseModels.swift */ = {isa = PBXFileReference; lastKnownFileType = sourcecode.swift; path = ResponseModels.swift; sourceTree = "<group>"; };
		74BC7E692E000E0C00A9C2F4 /* WebSocketModels.swift */ = {isa = PBXFileReference; lastKnownFileType = sourcecode.swift; path = WebSocketModels.swift; sourceTree = "<group>"; };
		74BC7E6B2E000E1800A9C2F4 /* KeychainHelper.swift */ = {isa = PBXFileReference; lastKnownFileType = sourcecode.swift; path = KeychainHelper.swift; sourceTree = "<group>"; };
		74BC7E6D2E000E1E00A9C2F4 /* NetworkConstants.swift */ = {isa = PBXFileReference; lastKnownFileType = sourcecode.swift; path = NetworkConstants.swift; sourceTree = "<group>"; };
		74BC7E6F2E00109300A9C2F4 /* AuthenticationAPI+Implementation.swift */ = {isa = PBXFileReference; lastKnownFileType = sourcecode.swift; path = "AuthenticationAPI+Implementation.swift"; sourceTree = "<group>"; };
		74BC7E712E0010D000A9C2F4 /* ProfileAPI+Implementation.swift */ = {isa = PBXFileReference; lastKnownFileType = sourcecode.swift; path = "ProfileAPI+Implementation.swift"; sourceTree = "<group>"; };
		74BC7E752E0013B100A9C2F4 /* UsageExample.swift */ = {isa = PBXFileReference; lastKnownFileType = sourcecode.swift; path = UsageExample.swift; sourceTree = "<group>"; };
		74BC7E772E0013D300A9C2F4 /* ThoughtsAPI+Implementation.swift */ = {isa = PBXFileReference; lastKnownFileType = sourcecode.swift; path = "ThoughtsAPI+Implementation.swift"; sourceTree = "<group>"; };
		74BC7E792E0027D600A9C2F4 /* GlobalServices.swift */ = {isa = PBXFileReference; lastKnownFileType = sourcecode.swift; path = GlobalServices.swift; sourceTree = "<group>"; };
		74C286092DB4C1E800CF836B /* myBrain-by-neocore-Info.plist */ = {isa = PBXFileReference; lastKnownFileType = text.plist; path = "myBrain-by-neocore-Info.plist"; sourceTree = "<group>"; };
		74C2860A2DB4C30E00CF836B /* AppleAuthManager.swift */ = {isa = PBXFileReference; lastKnownFileType = sourcecode.swift; path = AppleAuthManager.swift; sourceTree = "<group>"; };
		74C2860C2DB4C32100CF836B /* GoogleAuthManager.swift */ = {isa = PBXFileReference; lastKnownFileType = sourcecode.swift; path = GoogleAuthManager.swift; sourceTree = "<group>"; };
		74C286132DB4D5EB00CF836B /* client_312380135422-bko7g13qv6ggt7e5cc7dlt6lsquq7qi4.apps.googleusercontent.com.plist */ = {isa = PBXFileReference; lastKnownFileType = text.plist.xml; path = "client_312380135422-bko7g13qv6ggt7e5cc7dlt6lsquq7qi4.apps.googleusercontent.com.plist"; sourceTree = "<group>"; };
		74D58B342E151AB3008B62DC /* AppStateManager.swift */ = {isa = PBXFileReference; lastKnownFileType = sourcecode.swift; path = AppStateManager.swift; sourceTree = "<group>"; };
		74D58B372E152776008B62DC /* AppNavigationBar.swift */ = {isa = PBXFileReference; lastKnownFileType = sourcecode.swift; path = AppNavigationBar.swift; sourceTree = "<group>"; };
		74EC8AA42DCE6588008DE8A9 /* BackgroundManager.swift */ = {isa = PBXFileReference; lastKnownFileType = sourcecode.swift; path = BackgroundManager.swift; sourceTree = "<group>"; };
/* End PBXFileReference section */

/* Begin PBXFrameworksBuildPhase section */
		684426C52D13CF03002E9BC6 /* Frameworks */ = {
			isa = PBXFrameworksBuildPhase;
			buildActionMask = 2147483647;
			files = (
				74C286102DB4D0E900CF836B /* GoogleSignIn in Frameworks */,
				74C286122DB4D0E900CF836B /* GoogleSignInSwift in Frameworks */,
			);
			runOnlyForDeploymentPostprocessing = 0;
		};
		684427202D13F09C002E9BC6 /* Frameworks */ = {
			isa = PBXFrameworksBuildPhase;
			buildActionMask = 2147483647;
			files = (
				68FE23132D43328F00FA59AA /* Lottie in Frameworks */,
			);
			runOnlyForDeploymentPostprocessing = 0;
		};
/* End PBXFrameworksBuildPhase section */

/* Begin PBXGroup section */
		684426BF2D13CF03002E9BC6 = {
			isa = PBXGroup;
			children = (
				74263C082DDADA3400953598 /* .gitattributes */,
				74263C542DDADCB200953598 /* App */,
				74263C572DDADCD800953598 /* Common */,
				74263C552DDADCC100953598 /* Core */,
				7479BFD72E1263CE00F18A48 /* Docs */,
				684427332D13F189002E9BC6 /* myBrain.entitlements */,
				74C286092DB4C1E800CF836B /* myBrain-by-neocore-Info.plist */,
				684426C92D13CF03002E9BC6 /* Products */,
				74263C582DDADCE200953598 /* Resources */,
				74263C562DDADCCB00953598 /* Services */,
				74263C592DDADCF600953598 /* ShareExtension */,
			);
			sourceTree = "<group>";
		};
		684426C92D13CF03002E9BC6 /* Products */ = {
			isa = PBXGroup;
			children = (
				684426C82D13CF03002E9BC6 /* myBrain by neocore.app */,
				684427232D13F09C002E9BC6 /* myBrain by neocoreShare.appex */,
			);
			name = Products;
			sourceTree = "<group>";
		};
		684427002D13D580002E9BC6 /* Preview Content */ = {
			isa = PBXGroup;
			children = (
				684426FF2D13D580002E9BC6 /* Preview Assets.xcassets */,
			);
			path = "Preview Content";
			sourceTree = "<group>";
		};
		74263C542DDADCB200953598 /* App */ = {
			isa = PBXGroup;
			children = (
				684426FC2D13D580002E9BC6 /* ContentView.swift */,
				743D5BB72DFC464000C4F71E /* MainTabView.swift */,
				742DCF802DDD8C3500B17443 /* Models */,
				684426FE2D13D580002E9BC6 /* myBrainApp.swift */,
				74D58B332E151AA7008B62DC /* Shared */,
				743D5BB32DFC460700C4F71E /* Tabs */,
				74263C712DDADEBA00953598 /* ViewModels */,
			);
			path = App;
			sourceTree = "<group>";
		};
		74263C552DDADCC100953598 /* Core */ = {
			isa = PBXGroup;
			children = (
				745BE7982E23CFEE00FA1CC1 /* Listening */,
				748932FF2E238960007A5340 /* Reading */,
				74263C5A2DDADDAE00953598 /* Authentication */,
				74263C5E2DDADDD900953598 /* Bluetooth */,
				74263C5C2DDADDC800953598 /* Streaming */,
			);
			path = Core;
			sourceTree = "<group>";
		};
		74263C562DDADCCB00953598 /* Services */ = {
			isa = PBXGroup;
			children = (
				74929B2B2E0BD175008DA6A6 /* Data */,
				74263C602DDADDEA00953598 /* Bluetooth */,
				74263C5F2DDADDE300953598 /* Network */,
				74BC7E752E0013B100A9C2F4 /* UsageExample.swift */,
			);
			path = Services;
			sourceTree = "<group>";
		};
		74263C572DDADCD800953598 /* Common */ = {
			isa = PBXGroup;
			children = (
				74263C792DDADF1C00953598 /* Utilities */,
				74263C612DDADDF500953598 /* Extensions */,
				74263C622DDADDFC00953598 /* Components */,
			);
			path = Common;
			sourceTree = "<group>";
		};
		74263C582DDADCE200953598 /* Resources */ = {
			isa = PBXGroup;
			children = (
				74263C8D2DDAF6EA00953598 /* Fonts */,
				74263C8B2DDAF6DE00953598 /* Localization */,
				74263C7A2DDADF6A00953598 /* Lottie */,
				684426FB2D13D580002E9BC6 /* Assets.xcassets */,
				74C286132DB4D5EB00CF836B /* client_312380135422-bko7g13qv6ggt7e5cc7dlt6lsquq7qi4.apps.googleusercontent.com.plist */,
				684427002D13D580002E9BC6 /* Preview Content */,
			);
			path = Resources;
			sourceTree = "<group>";
		};
		74263C592DDADCF600953598 /* ShareExtension */ = {
			isa = PBXGroup;
			children = (
				74263C462DDADAE800953598 /* LottieView.swift */,
				74263C4A2DDADAE800953598 /* ShareExtensionProgressView.swift */,
				74263C4B2DDADAE800953598 /* ShareViewController.swift */,
				74263C492DDADAE800953598 /* myBrainShare.entitlements */,
				74263C442DDADAE800953598 /* Info.plist */,
				74263C472DDADAE800953598 /* MainInterface.storyboard */,
				74263C482DDADAE800953598 /* myAnimation.gif */,
			);
			path = ShareExtension;
			sourceTree = "<group>";
		};
		74263C5A2DDADDAE00953598 /* Authentication */ = {
			isa = PBXGroup;
			children = (
				74263C732DDADEC900953598 /* Views */,
				74263C742DDADEC900953598 /* ViewModels */,
			);
			path = Authentication;
			sourceTree = "<group>";
		};
		74263C5C2DDADDC800953598 /* Streaming */ = {
			isa = PBXGroup;
			children = (
				74263C6D2DDADEB200953598 /* Views */,
				74263C6E2DDADEB200953598 /* ViewModels */,
				74263C6F2DDADEB200953598 /* Models */,
			);
			path = Streaming;
			sourceTree = "<group>";
		};
		74263C5E2DDADDD900953598 /* Bluetooth */ = {
			isa = PBXGroup;
			children = (
				74263C692DDADEA800953598 /* Views */,
				74263C682DDADEA200953598 /* ViewModels */,
				74263C662DDADE4400953598 /* Models */,
			);
			path = Bluetooth;
			sourceTree = "<group>";
		};
		74263C5F2DDADDE300953598 /* Network */ = {
			isa = PBXGroup;
			children = (
				74BC7E532E000D6900A9C2F4 /* Core */,
				74BC7E542E000D7200A9C2F4 /* Protocols */,
				74BC7E552E000D8400A9C2F4 /* Models */,
				74BC7E562E000D9000A9C2F4 /* Utilities */,
			);
			path = Network;
			sourceTree = "<group>";
		};
		74263C602DDADDEA00953598 /* Bluetooth */ = {
			isa = PBXGroup;
			children = (
				74263C0B2DDADAE800953598 /* BluetoothService.swift */,
				74263C1A2DDADAE800953598 /* SignalProcessing.swift */,
			);
			path = Bluetooth;
			sourceTree = "<group>";
		};
		74263C612DDADDF500953598 /* Extensions */ = {
			isa = PBXGroup;
			children = (
			);
			path = Extensions;
			sourceTree = "<group>";
		};
		74263C622DDADDFC00953598 /* Components */ = {
			isa = PBXGroup;
			children = (
				74D58B362E15276C008B62DC /* UI */,
				74263C652DDADE2300953598 /* Misc */,
				74263C642DDADE1D00953598 /* Charts */,
				74263C632DDADE0E00953598 /* Cards */,
			);
			path = Components;
			sourceTree = "<group>";
		};
		74263C632DDADE0E00953598 /* Cards */ = {
			isa = PBXGroup;
			children = (
				747A54B22DFDC0A900BD9541 /* ThoughtCard.swift */,
				74263C122DDADAE800953598 /* InsightCard.swift */,
			);
			path = Cards;
			sourceTree = "<group>";
		};
		74263C642DDADE1D00953598 /* Charts */ = {
			isa = PBXGroup;
			children = (
				74263C0F2DDADAE800953598 /* FeedbackPlotView.swift */,
				74263C862DDAF63500953598 /* AnimatedLineChartView.swift */,
			);
			path = Charts;
			sourceTree = "<group>";
		};
		74263C652DDADE2300953598 /* Misc */ = {
			isa = PBXGroup;
			children = (
				74263C0A2DDADAE800953598 /* AnimatedParagraphView.swift */,
			);
			path = Misc;
			sourceTree = "<group>";
		};
		74263C662DDADE4400953598 /* Models */ = {
			isa = PBXGroup;
			children = (
				74263C7B2DDAF4A700953598 /* BluetoothModels.swift */,
			);
			path = Models;
			sourceTree = "<group>";
		};
		74263C682DDADEA200953598 /* ViewModels */ = {
			isa = PBXGroup;
			children = (
				74263C162DDADAE800953598 /* OnboardingViewModel.swift */,
				74263C1F2DDADAE800953598 /* TestSignalViewModel.swift */,
			);
			path = ViewModels;
			sourceTree = "<group>";
		};
		74263C692DDADEA800953598 /* Views */ = {
			isa = PBXGroup;
			children = (
				74263C0E2DDADAE800953598 /* DeviceDetailsView.swift */,
				74263C152DDADAE800953598 /* OnboardingView.swift */,
				74263C1E2DDADAE800953598 /* TestSignalView.swift */,
			);
			path = Views;
			sourceTree = "<group>";
		};
		74263C6D2DDADEB200953598 /* Views */ = {
			isa = PBXGroup;
			children = (
				74263C0D2DDADAE800953598 /* ChapterCompletionView.swift */,
				74263C192DDADAE800953598 /* SceneKitUSDZView.swift */,
				74263C1C2DDADAE800953598 /* StreamThoughtView.swift */,
				74263C1D2DDADAE800953598 /* SubtitleView.swift */,
			);
			path = Views;
			sourceTree = "<group>";
		};
		74263C6E2DDADEB200953598 /* ViewModels */ = {
			isa = PBXGroup;
			children = (
				68DF43FC2D20CE5F00A6E46C /* SubtitleViewModel.swift */,
			);
			path = ViewModels;
			sourceTree = "<group>";
		};
		74263C6F2DDADEB200953598 /* Models */ = {
			isa = PBXGroup;
			children = (
				68DF43FE2D20CEA800A6E46C /* ChapterData.swift */,
			);
			path = Models;
			sourceTree = "<group>";
		};
		74263C712DDADEBA00953598 /* ViewModels */ = {
			isa = PBXGroup;
			children = (
				6844271B2D13E5B6002E9BC6 /* ThoughtsViewModel.swift */,
			);
			path = ViewModels;
			sourceTree = "<group>";
		};
		74263C732DDADEC900953598 /* Views */ = {
			isa = PBXGroup;
			children = (
				74263C132DDADAE800953598 /* LoginScreen.swift */,
			);
			path = Views;
			sourceTree = "<group>";
		};
		74263C742DDADEC900953598 /* ViewModels */ = {
			isa = PBXGroup;
			children = (
				6844270D2D13D862002E9BC6 /* AuthViewModel.swift */,
				74C2860C2DB4C32100CF836B /* GoogleAuthManager.swift */,
				74C2860A2DB4C30E00CF836B /* AppleAuthManager.swift */,
			);
			path = ViewModels;
			sourceTree = "<group>";
		};
		74263C792DDADF1C00953598 /* Utilities */ = {
			isa = PBXGroup;
			children = (
				74BC7E792E0027D600A9C2F4 /* GlobalServices.swift */,
				7468256E2DDCE5880089AE37 /* ImageLoader.swift */,
				74263C882DDAF66200953598 /* Constants.swift */,
				684427372D13F22E002E9BC6 /* SharedDataManager.swift */,
				74EC8AA42DCE6588008DE8A9 /* BackgroundManager.swift */,
			);
			path = Utilities;
			sourceTree = "<group>";
		};
		74263C7A2DDADF6A00953598 /* Lottie */ = {
			isa = PBXGroup;
			children = (
				74263C452DDADAE800953598 /* loadingAnimation.json */,
			);
			path = Lottie;
			sourceTree = "<group>";
		};
		74263C8B2DDAF6DE00953598 /* Localization */ = {
			isa = PBXGroup;
			children = (
				74263C8E2DDAF6F400953598 /* Localizable.strings */,
			);
			path = Localization;
			sourceTree = "<group>";
		};
		74263C8D2DDAF6EA00953598 /* Fonts */ = {
			isa = PBXGroup;
			children = (
			);
			path = Fonts;
			sourceTree = "<group>";
		};
		742DCF802DDD8C3500B17443 /* Models */ = {
			isa = PBXGroup;
			children = (
				684426FD2D13D580002E9BC6 /* AppItem.swift */,
			);
			path = Models;
			sourceTree = "<group>";
		};
		743D5BB32DFC460700C4F71E /* Tabs */ = {
			isa = PBXGroup;
			children = (
				743D5BB42DFC464000C4F71E /* SettingsView.swift */,
				743D5BB52DFC464000C4F71E /* DeviceView.swift */,
				743D5BB62DFC464000C4F71E /* HomeView.swift */,
				743D5BB82DFC464000C4F71E /* ProfileView.swift */,
			);
			path = Tabs;
			sourceTree = "<group>";
		};
		745BE7982E23CFEE00FA1CC1 /* Listening */ = {
			isa = PBXGroup;
			children = (
				745BE79C2E23D00F00FA1CC1 /* Models */,
				745BE79B2E23D00300FA1CC1 /* Services */,
				745BE79A2E23CFFB00FA1CC1 /* ViewModels */,
				745BE7992E23CFF500FA1CC1 /* Views */,
			);
			path = Listening;
			sourceTree = "<group>";
		};
		745BE7992E23CFF500FA1CC1 /* Views */ = {
			isa = PBXGroup;
			children = (
				745BE7A32E23D02E00FA1CC1 /* ListeningStatusOverlay.swift */,
				745BE7A12E23D02A00FA1CC1 /* AudioControlsView.swift */,
				745BE79F2E23D02500FA1CC1 /* AudioPlayerView.swift */,
				745BE79D2E23D01F00FA1CC1 /* ListeningContainerView.swift */,
			);
			path = Views;
			sourceTree = "<group>";
		};
		745BE79A2E23CFFB00FA1CC1 /* ViewModels */ = {
			isa = PBXGroup;
			children = (
				745BE7A52E23D03600FA1CC1 /* AudioStreamingViewModel.swift */,
			);
			path = ViewModels;
			sourceTree = "<group>";
		};
		745BE79B2E23D00300FA1CC1 /* Services */ = {
			isa = PBXGroup;
			children = (
				745BE7A72E23D03C00FA1CC1 /* AudioSessionManager.swift */,
			);
			path = Services;
			sourceTree = "<group>";
		};
		745BE79C2E23D00F00FA1CC1 /* Models */ = {
			isa = PBXGroup;
			children = (
				745BE7A92E23D04100FA1CC1 /* AudioStreamingModels.swift */,
			);
			path = Models;
			sourceTree = "<group>";
		};
		7479BFD72E1263CE00F18A48 /* Docs */ = {
			isa = PBXGroup;
			children = (
				7479BFD92E1263F100F18A48 /* ServerAPI.md */,
			);
			path = Docs;
			sourceTree = "<group>";
		};
		748932FF2E238960007A5340 /* Reading */ = {
			isa = PBXGroup;
			children = (
				748933022E23897A007A5340 /* Models */,
				748933012E238972007A5340 /* ViewModels */,
				748933002E23896B007A5340 /* Views */,
			);
			path = Reading;
			sourceTree = "<group>";
		};
		748933002E23896B007A5340 /* Views */ = {
			isa = PBXGroup;
			children = (
				747377F62E26CC1F00C50D04 /* ReadingView.swift */,
			);
			path = Views;
			sourceTree = "<group>";
		};
		748933012E238972007A5340 /* ViewModels */ = {
			isa = PBXGroup;
			children = (
				7489330B2E2389BB007A5340 /* ReadingViewModel.swift */,
			);
			path = ViewModels;
			sourceTree = "<group>";
		};
		748933022E23897A007A5340 /* Models */ = {
			isa = PBXGroup;
			children = (
				7489330D2E2389C1007A5340 /* ReadingModels.swift */,
			);
			path = Models;
			sourceTree = "<group>";
		};
		74929B2B2E0BD175008DA6A6 /* Data */ = {
			isa = PBXGroup;
			children = (
				748DF7292E1BA15100FD4080 /* AvatarImageCache.swift */,
				74929B2C2E0BD17C008DA6A6 /* ProfileManager.swift */,
			);
			path = Data;
			sourceTree = "<group>";
		};
		74BC7E532E000D6900A9C2F4 /* Core */ = {
			isa = PBXGroup;
			children = (
				7499D9072E02A64E007E8C92 /* Thought+URLProcessing.swift */,
				74BC7E772E0013D300A9C2F4 /* ThoughtsAPI+Implementation.swift */,
				74BC7E712E0010D000A9C2F4 /* ProfileAPI+Implementation.swift */,
				74BC7E6F2E00109300A9C2F4 /* AuthenticationAPI+Implementation.swift */,
				74BC7E572E000DAD00A9C2F4 /* NetworkServiceManager.swift */,
				74BC7E592E000DB700A9C2F4 /* HTTPNetworkService.swift */,
				74BC7E5B2E000DBE00A9C2F4 /* WebSocketNetworkService.swift */,
				74BC7E5D2E000DC900A9C2F4 /* TokenStorage.swift */,
			);
			path = Core;
			sourceTree = "<group>";
		};
		74BC7E542E000D7200A9C2F4 /* Protocols */ = {
			isa = PBXGroup;
			children = (
				74BC7E5F2E000DE500A9C2F4 /* NetworkProtocols.swift */,
				74BC7E612E000DEE00A9C2F4 /* WebSocketProtocols.swift */,
			);
			path = Protocols;
			sourceTree = "<group>";
		};
		74BC7E552E000D8400A9C2F4 /* Models */ = {
			isa = PBXGroup;
			children = (
				74BC7E632E000DF800A9C2F4 /* NetworkModels.swift */,
				74BC7E652E000DFF00A9C2F4 /* RequestModels.swift */,
				74BC7E672E000E0600A9C2F4 /* ResponseModels.swift */,
				74BC7E692E000E0C00A9C2F4 /* WebSocketModels.swift */,
			);
			path = Models;
			sourceTree = "<group>";
		};
		74BC7E562E000D9000A9C2F4 /* Utilities */ = {
			isa = PBXGroup;
			children = (
				74BC7E6B2E000E1800A9C2F4 /* KeychainHelper.swift */,
				74BC7E6D2E000E1E00A9C2F4 /* NetworkConstants.swift */,
			);
			path = Utilities;
			sourceTree = "<group>";
		};
		74D58B332E151AA7008B62DC /* Shared */ = {
			isa = PBXGroup;
			children = (
				74D58B342E151AB3008B62DC /* AppStateManager.swift */,
			);
			path = Shared;
			sourceTree = "<group>";
		};
		74D58B362E15276C008B62DC /* UI */ = {
			isa = PBXGroup;
			children = (
				748C65832E27684700C912FB /* ActionButtons.swift */,
				74AA48062E221C3600B6D017 /* ActionRow.swift */,
				74D58B372E152776008B62DC /* AppNavigationBar.swift */,
				74B3FDAC2E1CD6AC00173269 /* BottomSheetPicker.swift */,
				748DF72B2E1BA17400FD4080 /* CachedAvatarView.swift */,
				748E387E2E1E822D004FADCA /* PopupMenu.swift */,
			);
			path = UI;
			sourceTree = "<group>";
		};
/* End PBXGroup section */

/* Begin PBXNativeTarget section */
		684426C72D13CF03002E9BC6 /* myBrain by neocore */ = {
			isa = PBXNativeTarget;
			buildConfigurationList = 684426EE2D13CF05002E9BC6 /* Build configuration list for PBXNativeTarget "myBrain by neocore" */;
			buildPhases = (
				684426C42D13CF03002E9BC6 /* Sources */,
				684426C52D13CF03002E9BC6 /* Frameworks */,
				684426C62D13CF03002E9BC6 /* Resources */,
				684427322D13F09C002E9BC6 /* Embed Foundation Extensions */,
			);
			buildRules = (
			);
			dependencies = (
				6844272C2D13F09C002E9BC6 /* PBXTargetDependency */,
			);
			name = "myBrain by neocore";
			packageProductDependencies = (
				74C2860F2DB4D0E900CF836B /* GoogleSignIn */,
				74C286112DB4D0E900CF836B /* GoogleSignInSwift */,
			);
			productName = myBrain;
			productReference = 684426C82D13CF03002E9BC6 /* myBrain by neocore.app */;
			productType = "com.apple.product-type.application";
		};
		684427222D13F09C002E9BC6 /* myBrain by neocoreShare */ = {
			isa = PBXNativeTarget;
			buildConfigurationList = 6844272F2D13F09C002E9BC6 /* Build configuration list for PBXNativeTarget "myBrain by neocoreShare" */;
			buildPhases = (
				6844271F2D13F09C002E9BC6 /* Sources */,
				684427202D13F09C002E9BC6 /* Frameworks */,
				684427212D13F09C002E9BC6 /* Resources */,
			);
			buildRules = (
			);
			dependencies = (
			);
			name = "myBrain by neocoreShare";
			packageProductDependencies = (
				68FE23122D43328F00FA59AA /* Lottie */,
			);
			productName = myBrainShare;
			productReference = 684427232D13F09C002E9BC6 /* myBrain by neocoreShare.appex */;
			productType = "com.apple.product-type.app-extension";
		};
/* End PBXNativeTarget section */

/* Begin PBXProject section */
		684426C02D13CF03002E9BC6 /* Project object */ = {
			isa = PBXProject;
			attributes = {
				BuildIndependentTargetsInParallel = 1;
				LastSwiftUpdateCheck = 1620;
				LastUpgradeCheck = 1630;
				TargetAttributes = {
					684426C72D13CF03002E9BC6 = {
						CreatedOnToolsVersion = 16.2;
						LastSwiftMigration = 1620;
					};
					684427222D13F09C002E9BC6 = {
						CreatedOnToolsVersion = 16.2;
					};
				};
			};
			buildConfigurationList = 684426C32D13CF03002E9BC6 /* Build configuration list for PBXProject "myBrain by neocore" */;
			developmentRegion = en;
			hasScannedForEncodings = 0;
			knownRegions = (
				en,
				Base,
			);
			mainGroup = 684426BF2D13CF03002E9BC6;
			minimizedProjectReferenceProxies = 1;
			packageReferences = (
				68FE23112D43328F00FA59AA /* XCRemoteSwiftPackageReference "lottie-ios" */,
				74C2860E2DB4D0E900CF836B /* XCRemoteSwiftPackageReference "GoogleSignIn-iOS" */,
			);
			preferredProjectObjectVersion = 77;
			productRefGroup = 684426C92D13CF03002E9BC6 /* Products */;
			projectDirPath = "";
			projectRoot = "";
			targets = (
				684426C72D13CF03002E9BC6 /* myBrain by neocore */,
				684427222D13F09C002E9BC6 /* myBrain by neocoreShare */,
			);
		};
/* End PBXProject section */

/* Begin PBXResourcesBuildPhase section */
		684426C62D13CF03002E9BC6 /* Resources */ = {
			isa = PBXResourcesBuildPhase;
			buildActionMask = 2147483647;
			files = (
				74263C8F2DDAF6F700953598 /* Localizable.strings in Resources */,
				684427012D13D580002E9BC6 /* Preview Assets.xcassets in Resources */,
				684427022D13D580002E9BC6 /* Assets.xcassets in Resources */,
				74C286142DB4D5EB00CF836B /* client_312380135422-bko7g13qv6ggt7e5cc7dlt6lsquq7qi4.apps.googleusercontent.com.plist in Resources */,
				74263C092DDADA3800953598 /* .gitattributes in Resources */,
			);
			runOnlyForDeploymentPostprocessing = 0;
		};
		684427212D13F09C002E9BC6 /* Resources */ = {
			isa = PBXResourcesBuildPhase;
			buildActionMask = 2147483647;
			files = (
				74263C512DDADAE800953598 /* loadingAnimation.json in Resources */,
				74263C522DDADAE800953598 /* MainInterface.storyboard in Resources */,
				74263C532DDADAE800953598 /* myAnimation.gif in Resources */,
			);
			runOnlyForDeploymentPostprocessing = 0;
		};
/* End PBXResourcesBuildPhase section */

/* Begin PBXSourcesBuildPhase section */
		684426C42D13CF03002E9BC6 /* Sources */ = {
			isa = PBXSourcesBuildPhase;
			buildActionMask = 2147483647;
			files = (
				74AA48072E221C3700B6D017 /* ActionRow.swift in Sources */,
				748E387F2E1E822E004FADCA /* PopupMenu.swift in Sources */,
				74BC7E6E2E000E1F00A9C2F4 /* NetworkConstants.swift in Sources */,
				74BC7E602E000DE700A9C2F4 /* NetworkProtocols.swift in Sources */,
				74BC7E7A2E0027DB00A9C2F4 /* GlobalServices.swift in Sources */,
				68DF43FD2D20CE5F00A6E46C /* SubtitleViewModel.swift in Sources */,
				743D5BBA2DFC464000C4F71E /* MainTabView.swift in Sources */,
				743D5BBB2DFC464000C4F71E /* ProfileView.swift in Sources */,
				743D5BBC2DFC464000C4F71E /* HomeView.swift in Sources */,
				743D5BBE2DFC464000C4F71E /* SettingsView.swift in Sources */,
				743D5BBF2DFC464000C4F71E /* DeviceView.swift in Sources */,
				748DF72A2E1BA15400FD4080 /* AvatarImageCache.swift in Sources */,
				74263C292DDADAE800953598 /* AnimatedParagraphView.swift in Sources */,
				74BC7E702E00109800A9C2F4 /* AuthenticationAPI+Implementation.swift in Sources */,
				745BE7A62E23D03A00FA1CC1 /* AudioStreamingViewModel.swift in Sources */,
				74D58B352E151AB7008B62DC /* AppStateManager.swift in Sources */,
				74263C2B2DDADAE800953598 /* SignalProcessing.swift in Sources */,
				74BC7E5E2E000DCB00A9C2F4 /* TokenStorage.swift in Sources */,
				74BC7E682E000E0700A9C2F4 /* ResponseModels.swift in Sources */,
				74BC7E6A2E000E0E00A9C2F4 /* WebSocketModels.swift in Sources */,
				74263C2D2DDADAE800953598 /* FeedbackPlotView.swift in Sources */,
				74263C2F2DDADAE800953598 /* DeviceDetailsView.swift in Sources */,
				74263C312DDADAE800953598 /* OnboardingView.swift in Sources */,
				74BC7E5C2E000DC100A9C2F4 /* WebSocketNetworkService.swift in Sources */,
				74BC7E5A2E000DB900A9C2F4 /* HTTPNetworkService.swift in Sources */,
				74263C352DDADAE800953598 /* TestSignalView.swift in Sources */,
				74263C362DDADAE800953598 /* BluetoothService.swift in Sources */,
				747A54B32DFDC0B400BD9541 /* ThoughtCard.swift in Sources */,
				7468256F2DDCE58B0089AE37 /* ImageLoader.swift in Sources */,
				748DF72C2E1BA17600FD4080 /* CachedAvatarView.swift in Sources */,
				74BC7E642E000DF900A9C2F4 /* NetworkModels.swift in Sources */,
				7499D9082E02A652007E8C92 /* Thought+URLProcessing.swift in Sources */,
				74263C382DDADAE800953598 /* OnboardingViewModel.swift in Sources */,
				74263C392DDADAE800953598 /* SubtitleView.swift in Sources */,
				74263C3B2DDADAE800953598 /* InsightCard.swift in Sources */,
				74263C3C2DDADAE800953598 /* LoginScreen.swift in Sources */,
				745BE7A82E23D03F00FA1CC1 /* AudioSessionManager.swift in Sources */,
				74263C892DDAF66400953598 /* Constants.swift in Sources */,
				74263C3E2DDADAE800953598 /* TestSignalViewModel.swift in Sources */,
				74BC7E722E0010D200A9C2F4 /* ProfileAPI+Implementation.swift in Sources */,
				745BE7AA2E23D05C00FA1CC1 /* AudioStreamingModels.swift in Sources */,
				74263C3F2DDADAE800953598 /* SceneKitUSDZView.swift in Sources */,
				74BC7E762E0013B300A9C2F4 /* UsageExample.swift in Sources */,
				74263C402DDADAE800953598 /* ChapterCompletionView.swift in Sources */,
				747377F72E26CC2100C50D04 /* ReadingView.swift in Sources */,
				74BC7E782E0013D500A9C2F4 /* ThoughtsAPI+Implementation.swift in Sources */,
				74D58B382E152780008B62DC /* AppNavigationBar.swift in Sources */,
				74263C422DDADAE800953598 /* StreamThoughtView.swift in Sources */,
				74B3FDAD2E1CD6AF00173269 /* BottomSheetPicker.swift in Sources */,
				74BC7E622E000DEF00A9C2F4 /* WebSocketProtocols.swift in Sources */,
				74C2860D2DB4C32400CF836B /* GoogleAuthManager.swift in Sources */,
				74BC7E662E000E0000A9C2F4 /* RequestModels.swift in Sources */,
				6844270E2D13D862002E9BC6 /* AuthViewModel.swift in Sources */,
				684427032D13D580002E9BC6 /* myBrainApp.swift in Sources */,
				74263C7C2DDAF4AA00953598 /* BluetoothModels.swift in Sources */,
				684427382D13F22E002E9BC6 /* SharedDataManager.swift in Sources */,
				74929B2D2E0BD17F008DA6A6 /* ProfileManager.swift in Sources */,
				74BC7E6C2E000E1B00A9C2F4 /* KeychainHelper.swift in Sources */,
				745BE7A42E23D03500FA1CC1 /* ListeningStatusOverlay.swift in Sources */,
				745BE7A22E23D02D00FA1CC1 /* AudioControlsView.swift in Sources */,
				7489330E2E2389C2007A5340 /* ReadingModels.swift in Sources */,
				74BC7E582E000DB400A9C2F4 /* NetworkServiceManager.swift in Sources */,
				74263C872DDAF63500953598 /* AnimatedLineChartView.swift in Sources */,
				745BE79E2E23D02300FA1CC1 /* ListeningContainerView.swift in Sources */,
				684427042D13D580002E9BC6 /* ContentView.swift in Sources */,
				748C65842E27684800C912FB /* ActionButtons.swift in Sources */,
				6844271C2D13E5B6002E9BC6 /* ThoughtsViewModel.swift in Sources */,
				74EC8AA52DCE6590008DE8A9 /* BackgroundManager.swift in Sources */,
				745BE7A02E23D02800FA1CC1 /* AudioPlayerView.swift in Sources */,
				684427052D13D580002E9BC6 /* AppItem.swift in Sources */,
				74C2860B2DB4C31A00CF836B /* AppleAuthManager.swift in Sources */,
				68DF43FF2D20CEA800A6E46C /* ChapterData.swift in Sources */,
				7489330C2E2389BE007A5340 /* ReadingViewModel.swift in Sources */,
			);
			runOnlyForDeploymentPostprocessing = 0;
		};
		6844271F2D13F09C002E9BC6 /* Sources */ = {
			isa = PBXSourcesBuildPhase;
			buildActionMask = 2147483647;
			files = (
				74263C4D2DDADAE800953598 /* LottieView.swift in Sources */,
				74263C4E2DDADAE800953598 /* ShareExtensionProgressView.swift in Sources */,
				74263C4F2DDADAE800953598 /* ShareViewController.swift in Sources */,
				684427392D13F22E002E9BC6 /* SharedDataManager.swift in Sources */,
			);
			runOnlyForDeploymentPostprocessing = 0;
		};
/* End PBXSourcesBuildPhase section */

/* Begin PBXTargetDependency section */
		6844272C2D13F09C002E9BC6 /* PBXTargetDependency */ = {
			isa = PBXTargetDependency;
			target = 684427222D13F09C002E9BC6 /* myBrain by neocoreShare */;
			targetProxy = 6844272B2D13F09C002E9BC6 /* PBXContainerItemProxy */;
		};
/* End PBXTargetDependency section */

/* Begin PBXVariantGroup section */
		74263C472DDADAE800953598 /* MainInterface.storyboard */ = {
			isa = PBXVariantGroup;
			children = (
				74263C4C2DDADAE800953598 /* Base */,
			);
			name = MainInterface.storyboard;
			sourceTree = "<group>";
		};
/* End PBXVariantGroup section */

/* Begin XCBuildConfiguration section */
		684426EC2D13CF05002E9BC6 /* Debug */ = {
			isa = XCBuildConfiguration;
			buildSettings = {
				ALWAYS_SEARCH_USER_PATHS = NO;
				ASSETCATALOG_COMPILER_GENERATE_SWIFT_ASSET_SYMBOL_EXTENSIONS = YES;
				CLANG_ANALYZER_NONNULL = YES;
				CLANG_ANALYZER_NUMBER_OBJECT_CONVERSION = YES_AGGRESSIVE;
				CLANG_CXX_LANGUAGE_STANDARD = "gnu++20";
				CLANG_ENABLE_MODULES = YES;
				CLANG_ENABLE_OBJC_ARC = YES;
				CLANG_ENABLE_OBJC_WEAK = YES;
				CLANG_WARN_BLOCK_CAPTURE_AUTORELEASING = YES;
				CLANG_WARN_BOOL_CONVERSION = YES;
				CLANG_WARN_COMMA = YES;
				CLANG_WARN_CONSTANT_CONVERSION = YES;
				CLANG_WARN_DEPRECATED_OBJC_IMPLEMENTATIONS = YES;
				CLANG_WARN_DIRECT_OBJC_ISA_USAGE = YES_ERROR;
				CLANG_WARN_DOCUMENTATION_COMMENTS = YES;
				CLANG_WARN_EMPTY_BODY = YES;
				CLANG_WARN_ENUM_CONVERSION = YES;
				CLANG_WARN_INFINITE_RECURSION = YES;
				CLANG_WARN_INT_CONVERSION = YES;
				CLANG_WARN_NON_LITERAL_NULL_CONVERSION = YES;
				CLANG_WARN_OBJC_IMPLICIT_RETAIN_SELF = YES;
				CLANG_WARN_OBJC_LITERAL_CONVERSION = YES;
				CLANG_WARN_OBJC_ROOT_CLASS = YES_ERROR;
				CLANG_WARN_QUOTED_INCLUDE_IN_FRAMEWORK_HEADER = YES;
				CLANG_WARN_RANGE_LOOP_ANALYSIS = YES;
				CLANG_WARN_STRICT_PROTOTYPES = YES;
				CLANG_WARN_SUSPICIOUS_MOVE = YES;
				CLANG_WARN_UNGUARDED_AVAILABILITY = YES_AGGRESSIVE;
				CLANG_WARN_UNREACHABLE_CODE = YES;
				CLANG_WARN__DUPLICATE_METHOD_MATCH = YES;
				COPY_PHASE_STRIP = NO;
				DEBUG_INFORMATION_FORMAT = dwarf;
				DEVELOPMENT_TEAM = MS7857L94F;
				ENABLE_STRICT_OBJC_MSGSEND = YES;
				ENABLE_TESTABILITY = YES;
				ENABLE_USER_SCRIPT_SANDBOXING = YES;
				GCC_C_LANGUAGE_STANDARD = gnu17;
				GCC_DYNAMIC_NO_PIC = NO;
				GCC_NO_COMMON_BLOCKS = YES;
				GCC_OPTIMIZATION_LEVEL = 0;
				GCC_PREPROCESSOR_DEFINITIONS = (
					"DEBUG=1",
					"$(inherited)",
				);
				GCC_WARN_64_TO_32_BIT_CONVERSION = YES;
				GCC_WARN_ABOUT_RETURN_TYPE = YES_ERROR;
				GCC_WARN_UNDECLARED_SELECTOR = YES;
				GCC_WARN_UNINITIALIZED_AUTOS = YES_AGGRESSIVE;
				GCC_WARN_UNUSED_FUNCTION = YES;
				GCC_WARN_UNUSED_VARIABLE = YES;
				IPHONEOS_DEPLOYMENT_TARGET = 18.2;
				LOCALIZATION_PREFERS_STRING_CATALOGS = YES;
				MTL_ENABLE_DEBUG_INFO = INCLUDE_SOURCE;
				MTL_FAST_MATH = YES;
				ONLY_ACTIVE_ARCH = YES;
				SDKROOT = iphoneos;
				SWIFT_ACTIVE_COMPILATION_CONDITIONS = "DEBUG $(inherited)";
				SWIFT_OPTIMIZATION_LEVEL = "-Onone";
			};
			name = Debug;
		};
		684426ED2D13CF05002E9BC6 /* Release */ = {
			isa = XCBuildConfiguration;
			buildSettings = {
				ALWAYS_SEARCH_USER_PATHS = NO;
				ASSETCATALOG_COMPILER_GENERATE_SWIFT_ASSET_SYMBOL_EXTENSIONS = YES;
				CLANG_ANALYZER_NONNULL = YES;
				CLANG_ANALYZER_NUMBER_OBJECT_CONVERSION = YES_AGGRESSIVE;
				CLANG_CXX_LANGUAGE_STANDARD = "gnu++20";
				CLANG_ENABLE_MODULES = YES;
				CLANG_ENABLE_OBJC_ARC = YES;
				CLANG_ENABLE_OBJC_WEAK = YES;
				CLANG_WARN_BLOCK_CAPTURE_AUTORELEASING = YES;
				CLANG_WARN_BOOL_CONVERSION = YES;
				CLANG_WARN_COMMA = YES;
				CLANG_WARN_CONSTANT_CONVERSION = YES;
				CLANG_WARN_DEPRECATED_OBJC_IMPLEMENTATIONS = YES;
				CLANG_WARN_DIRECT_OBJC_ISA_USAGE = YES_ERROR;
				CLANG_WARN_DOCUMENTATION_COMMENTS = YES;
				CLANG_WARN_EMPTY_BODY = YES;
				CLANG_WARN_ENUM_CONVERSION = YES;
				CLANG_WARN_INFINITE_RECURSION = YES;
				CLANG_WARN_INT_CONVERSION = YES;
				CLANG_WARN_NON_LITERAL_NULL_CONVERSION = YES;
				CLANG_WARN_OBJC_IMPLICIT_RETAIN_SELF = YES;
				CLANG_WARN_OBJC_LITERAL_CONVERSION = YES;
				CLANG_WARN_OBJC_ROOT_CLASS = YES_ERROR;
				CLANG_WARN_QUOTED_INCLUDE_IN_FRAMEWORK_HEADER = YES;
				CLANG_WARN_RANGE_LOOP_ANALYSIS = YES;
				CLANG_WARN_STRICT_PROTOTYPES = YES;
				CLANG_WARN_SUSPICIOUS_MOVE = YES;
				CLANG_WARN_UNGUARDED_AVAILABILITY = YES_AGGRESSIVE;
				CLANG_WARN_UNREACHABLE_CODE = YES;
				CLANG_WARN__DUPLICATE_METHOD_MATCH = YES;
				COPY_PHASE_STRIP = NO;
				DEBUG_INFORMATION_FORMAT = "dwarf-with-dsym";
				DEVELOPMENT_TEAM = MS7857L94F;
				ENABLE_NS_ASSERTIONS = NO;
				ENABLE_STRICT_OBJC_MSGSEND = YES;
				ENABLE_USER_SCRIPT_SANDBOXING = YES;
				GCC_C_LANGUAGE_STANDARD = gnu17;
				GCC_NO_COMMON_BLOCKS = YES;
				GCC_WARN_64_TO_32_BIT_CONVERSION = YES;
				GCC_WARN_ABOUT_RETURN_TYPE = YES_ERROR;
				GCC_WARN_UNDECLARED_SELECTOR = YES;
				GCC_WARN_UNINITIALIZED_AUTOS = YES_AGGRESSIVE;
				GCC_WARN_UNUSED_FUNCTION = YES;
				GCC_WARN_UNUSED_VARIABLE = YES;
				IPHONEOS_DEPLOYMENT_TARGET = 18.2;
				LOCALIZATION_PREFERS_STRING_CATALOGS = YES;
				MTL_ENABLE_DEBUG_INFO = NO;
				MTL_FAST_MATH = YES;
				SDKROOT = iphoneos;
				SWIFT_COMPILATION_MODE = wholemodule;
				VALIDATE_PRODUCT = YES;
			};
			name = Release;
		};
		684426EF2D13CF05002E9BC6 /* Debug */ = {
			isa = XCBuildConfiguration;
			buildSettings = {
				ASSETCATALOG_COMPILER_APPICON_NAME = AppIcon;
				ASSETCATALOG_COMPILER_GLOBAL_ACCENT_COLOR_NAME = "";
				CLANG_ENABLE_MODULES = YES;
				CODE_SIGN_ENTITLEMENTS = myBrain/myBrain.entitlements;
				CODE_SIGN_STYLE = Automatic;
				CURRENT_PROJECT_VERSION = 1;
				DEVELOPMENT_ASSET_PATHS = "\"Resources/Preview Content\"";
				ENABLE_PREVIEWS = YES;
				GENERATE_INFOPLIST_FILE = YES;
				INFOPLIST_FILE = "myBrain-by-neocore-Info.plist";
				INFOPLIST_KEY_LSApplicationCategoryType = "";
				INFOPLIST_KEY_NSBluetoothAlwaysUsageDescription = "This app uses Bluetooth to connect to devices for biometric feedback.";
				INFOPLIST_KEY_NSBluetoothPeripheralUsageDescription = "This app uses Bluetooth to connect to devices for biometric feedback.";
				INFOPLIST_KEY_UIApplicationSceneManifest_Generation = YES;
				INFOPLIST_KEY_UIApplicationSupportsIndirectInputEvents = YES;
				INFOPLIST_KEY_UILaunchScreen_Generation = YES;
				INFOPLIST_KEY_UISupportedInterfaceOrientations_iPad = "UIInterfaceOrientationPortrait UIInterfaceOrientationPortraitUpsideDown UIInterfaceOrientationLandscapeLeft UIInterfaceOrientationLandscapeRight";
				INFOPLIST_KEY_UISupportedInterfaceOrientations_iPhone = "UIInterfaceOrientationPortrait UIInterfaceOrientationLandscapeLeft UIInterfaceOrientationLandscapeRight";
				IPHONEOS_DEPLOYMENT_TARGET = 17.6;
				LD_RUNPATH_SEARCH_PATHS = (
					"$(inherited)",
					"@executable_path/Frameworks",
				);
				MARKETING_VERSION = 1.0;
				PRODUCT_BUNDLE_IDENTIFIER = neocore.myBrain;
				PRODUCT_NAME = "$(TARGET_NAME)";
				SWIFT_EMIT_LOC_STRINGS = YES;
				SWIFT_OBJC_BRIDGING_HEADER = "";
				SWIFT_OPTIMIZATION_LEVEL = "-Onone";
				SWIFT_VERSION = 5.0;
				TARGETED_DEVICE_FAMILY = "1,2";
			};
			name = Debug;
		};
		684426F02D13CF05002E9BC6 /* Release */ = {
			isa = XCBuildConfiguration;
			buildSettings = {
				ASSETCATALOG_COMPILER_APPICON_NAME = AppIcon;
				ASSETCATALOG_COMPILER_GLOBAL_ACCENT_COLOR_NAME = "";
				CLANG_ENABLE_MODULES = YES;
				CODE_SIGN_ENTITLEMENTS = myBrain/myBrain.entitlements;
				CODE_SIGN_STYLE = Automatic;
				CURRENT_PROJECT_VERSION = 1;
				DEVELOPMENT_ASSET_PATHS = "\"Resources/Preview Content\"";
				ENABLE_PREVIEWS = YES;
				GENERATE_INFOPLIST_FILE = YES;
				INFOPLIST_FILE = "myBrain-by-neocore-Info.plist";
				INFOPLIST_KEY_LSApplicationCategoryType = "";
				INFOPLIST_KEY_NSBluetoothAlwaysUsageDescription = "This app uses Bluetooth to connect to devices for biometric feedback.";
				INFOPLIST_KEY_NSBluetoothPeripheralUsageDescription = "This app uses Bluetooth to connect to devices for biometric feedback.";
				INFOPLIST_KEY_UIApplicationSceneManifest_Generation = YES;
				INFOPLIST_KEY_UIApplicationSupportsIndirectInputEvents = YES;
				INFOPLIST_KEY_UILaunchScreen_Generation = YES;
				INFOPLIST_KEY_UISupportedInterfaceOrientations_iPad = "UIInterfaceOrientationPortrait UIInterfaceOrientationPortraitUpsideDown UIInterfaceOrientationLandscapeLeft UIInterfaceOrientationLandscapeRight";
				INFOPLIST_KEY_UISupportedInterfaceOrientations_iPhone = "UIInterfaceOrientationPortrait UIInterfaceOrientationLandscapeLeft UIInterfaceOrientationLandscapeRight";
				IPHONEOS_DEPLOYMENT_TARGET = 17.6;
				LD_RUNPATH_SEARCH_PATHS = (
					"$(inherited)",
					"@executable_path/Frameworks",
				);
				MARKETING_VERSION = 1.0;
				PRODUCT_BUNDLE_IDENTIFIER = neocore.myBrain;
				PRODUCT_NAME = "$(TARGET_NAME)";
				SWIFT_EMIT_LOC_STRINGS = YES;
				SWIFT_OBJC_BRIDGING_HEADER = "";
				SWIFT_VERSION = 5.0;
				TARGETED_DEVICE_FAMILY = "1,2";
			};
			name = Release;
		};
		684427302D13F09C002E9BC6 /* Debug */ = {
			isa = XCBuildConfiguration;
			buildSettings = {
				CODE_SIGN_ENTITLEMENTS = ShareExtension/myBrainShare.entitlements;
				CODE_SIGN_STYLE = Automatic;
				CURRENT_PROJECT_VERSION = 1;
				GENERATE_INFOPLIST_FILE = YES;
				INFOPLIST_FILE = ShareExtension/Info.plist;
				INFOPLIST_KEY_CFBundleDisplayName = myBrainShare;
				INFOPLIST_KEY_NSHumanReadableCopyright = "";
				IPHONEOS_DEPLOYMENT_TARGET = 17.6;
				LD_RUNPATH_SEARCH_PATHS = (
					"$(inherited)",
					"@executable_path/Frameworks",
					"@executable_path/../../Frameworks",
				);
				MARKETING_VERSION = 1.0;
				PRODUCT_BUNDLE_IDENTIFIER = neocore.myBrain.myBrainShare;
				PRODUCT_NAME = "$(TARGET_NAME)";
				SKIP_INSTALL = YES;
				SWIFT_EMIT_LOC_STRINGS = YES;
				SWIFT_VERSION = 5.0;
				TARGETED_DEVICE_FAMILY = "1,2";
			};
			name = Debug;
		};
		684427312D13F09C002E9BC6 /* Release */ = {
			isa = XCBuildConfiguration;
			buildSettings = {
				CODE_SIGN_ENTITLEMENTS = ShareExtension/myBrainShare.entitlements;
				CODE_SIGN_STYLE = Automatic;
				CURRENT_PROJECT_VERSION = 1;
				GENERATE_INFOPLIST_FILE = YES;
				INFOPLIST_FILE = ShareExtension/Info.plist;
				INFOPLIST_KEY_CFBundleDisplayName = myBrainShare;
				INFOPLIST_KEY_NSHumanReadableCopyright = "";
				IPHONEOS_DEPLOYMENT_TARGET = 17.6;
				LD_RUNPATH_SEARCH_PATHS = (
					"$(inherited)",
					"@executable_path/Frameworks",
					"@executable_path/../../Frameworks",
				);
				MARKETING_VERSION = 1.0;
				PRODUCT_BUNDLE_IDENTIFIER = neocore.myBrain.myBrainShare;
				PRODUCT_NAME = "$(TARGET_NAME)";
				SKIP_INSTALL = YES;
				SWIFT_EMIT_LOC_STRINGS = YES;
				SWIFT_VERSION = 5.0;
				TARGETED_DEVICE_FAMILY = "1,2";
			};
			name = Release;
		};
/* End XCBuildConfiguration section */

/* Begin XCConfigurationList section */
		684426C32D13CF03002E9BC6 /* Build configuration list for PBXProject "myBrain by neocore" */ = {
			isa = XCConfigurationList;
			buildConfigurations = (
				684426EC2D13CF05002E9BC6 /* Debug */,
				684426ED2D13CF05002E9BC6 /* Release */,
			);
			defaultConfigurationIsVisible = 0;
			defaultConfigurationName = Release;
		};
		684426EE2D13CF05002E9BC6 /* Build configuration list for PBXNativeTarget "myBrain by neocore" */ = {
			isa = XCConfigurationList;
			buildConfigurations = (
				684426EF2D13CF05002E9BC6 /* Debug */,
				684426F02D13CF05002E9BC6 /* Release */,
			);
			defaultConfigurationIsVisible = 0;
			defaultConfigurationName = Release;
		};
		6844272F2D13F09C002E9BC6 /* Build configuration list for PBXNativeTarget "myBrain by neocoreShare" */ = {
			isa = XCConfigurationList;
			buildConfigurations = (
				684427302D13F09C002E9BC6 /* Debug */,
				684427312D13F09C002E9BC6 /* Release */,
			);
			defaultConfigurationIsVisible = 0;
			defaultConfigurationName = Release;
		};
/* End XCConfigurationList section */

/* Begin XCRemoteSwiftPackageReference section */
		68FE23112D43328F00FA59AA /* XCRemoteSwiftPackageReference "lottie-ios" */ = {
			isa = XCRemoteSwiftPackageReference;
			repositoryURL = "https://github.com/airbnb/lottie-ios";
			requirement = {
				kind = upToNextMajorVersion;
				minimumVersion = 4.5.1;
			};
		};
		74C2860E2DB4D0E900CF836B /* XCRemoteSwiftPackageReference "GoogleSignIn-iOS" */ = {
			isa = XCRemoteSwiftPackageReference;
			repositoryURL = "https://github.com/google/GoogleSignIn-iOS";
			requirement = {
				kind = upToNextMajorVersion;
				minimumVersion = 8.0.0;
			};
		};
/* End XCRemoteSwiftPackageReference section */

/* Begin XCSwiftPackageProductDependency section */
		68FE23122D43328F00FA59AA /* Lottie */ = {
			isa = XCSwiftPackageProductDependency;
			package = 68FE23112D43328F00FA59AA /* XCRemoteSwiftPackageReference "lottie-ios" */;
			productName = Lottie;
		};
		74C2860F2DB4D0E900CF836B /* GoogleSignIn */ = {
			isa = XCSwiftPackageProductDependency;
			package = 74C2860E2DB4D0E900CF836B /* XCRemoteSwiftPackageReference "GoogleSignIn-iOS" */;
			productName = GoogleSignIn;
		};
		74C286112DB4D0E900CF836B /* GoogleSignInSwift */ = {
			isa = XCSwiftPackageProductDependency;
			package = 74C2860E2DB4D0E900CF836B /* XCRemoteSwiftPackageReference "GoogleSignIn-iOS" */;
			productName = GoogleSignInSwift;
		};
/* End XCSwiftPackageProductDependency section */
	};
	rootObject = 684426C02D13CF03002E9BC6 /* Project object */;
}
