// !$*UTF8*$!
{
	archiveVersion = 1;
	classes = {
	};
	objectVersion = 77;
	objects = {

/* Begin PBXBuildFile section */
		684427012D13D580002E9BC6 /* Preview Assets.xcassets in Resources */ = {isa = PBXBuildFile; fileRef = 684426FF2D13D580002E9BC6 /* Preview Assets.xcassets */; };
		684427022D13D580002E9BC6 /* Assets.xcassets in Resources */ = {isa = PBXBuildFile; fileRef = 684426FB2D13D580002E9BC6 /* Assets.xcassets */; };
		684427032D13D580002E9BC6 /* myBrainApp.swift in Sources */ = {isa = PBXBuildFile; fileRef = 684426FE2D13D580002E9BC6 /* myBrainApp.swift */; };
		684427042D13D580002E9BC6 /* ContentView.swift in Sources */ = {isa = PBXBuildFile; fileRef = 684426FC2D13D580002E9BC6 /* ContentView.swift */; };
		684427052D13D580002E9BC6 /* Item.swift in Sources */ = {isa = PBXBuildFile; fileRef = 684426FD2D13D580002E9BC6 /* Item.swift */; };
		6844270C2D13D802002E9BC6 /* AuthModels.swift in Sources */ = {isa = PBXBuildFile; fileRef = 6844270B2D13D802002E9BC6 /* AuthModels.swift */; };
		6844270E2D13D862002E9BC6 /* AuthViewModel.swift in Sources */ = {isa = PBXBuildFile; fileRef = 6844270D2D13D862002E9BC6 /* AuthViewModel.swift */; };
		684427182D13E17B002E9BC6 /* AuthData.swift in Sources */ = {isa = PBXBuildFile; fileRef = 684427172D13E17B002E9BC6 /* AuthData.swift */; };
		6844271A2D13E572002E9BC6 /* Thought.swift in Sources */ = {isa = PBXBuildFile; fileRef = 684427192D13E572002E9BC6 /* Thought.swift */; };
		6844271C2D13E5B6002E9BC6 /* ThoughtsViewModel.swift in Sources */ = {isa = PBXBuildFile; fileRef = 6844271B2D13E5B6002E9BC6 /* ThoughtsViewModel.swift */; };
		6844272D2D13F09C002E9BC6 /* myBrain by neocoreShare.appex in Embed Foundation Extensions */ = {isa = PBXBuildFile; fileRef = 684427232D13F09C002E9BC6 /* myBrain by neocoreShare.appex */; settings = {ATTRIBUTES = (RemoveHeadersOnCopy, ); }; };
		684427382D13F22E002E9BC6 /*  SharedDataManager.swift in Sources */ = {isa = PBXBuildFile; fileRef = 684427372D13F22E002E9BC6 /*  SharedDataManager.swift */; };
		684427392D13F22E002E9BC6 /*  SharedDataManager.swift in Sources */ = {isa = PBXBuildFile; fileRef = 684427372D13F22E002E9BC6 /*  SharedDataManager.swift */; };
		684427612D14B96B002E9BC6 /* WebSocketViewModel.swift in Sources */ = {isa = PBXBuildFile; fileRef = 684427602D14B96B002E9BC6 /* WebSocketViewModel.swift */; };
		68ACE9C92D17C78C003BCC83 /* PerformanceViewModel.swift in Sources */ = {isa = PBXBuildFile; fileRef = 68ACE9C82D17C78C003BCC83 /* PerformanceViewModel.swift */; };
		68DF43FD2D20CE5F00A6E46C /* SubtitleViewModel.swift in Sources */ = {isa = PBXBuildFile; fileRef = 68DF43FC2D20CE5F00A6E46C /* SubtitleViewModel.swift */; };
		68DF43FF2D20CEA800A6E46C /* StreamModels.swift in Sources */ = {isa = PBXBuildFile; fileRef = 68DF43FE2D20CEA800A6E46C /* StreamModels.swift */; };
		68FE23132D43328F00FA59AA /* Lottie in Frameworks */ = {isa = PBXBuildFile; productRef = 68FE23122D43328F00FA59AA /* Lottie */; };
/* End PBXBuildFile section */

/* Begin PBXContainerItemProxy section */
		6844272B2D13F09C002E9BC6 /* PBXContainerItemProxy */ = {
			isa = PBXContainerItemProxy;
			containerPortal = 684426C02D13CF03002E9BC6 /* Project object */;
			proxyType = 1;
			remoteGlobalIDString = 684427222D13F09C002E9BC6;
			remoteInfo = myBrainShare;
		};
/* End PBXContainerItemProxy section */

/* Begin PBXCopyFilesBuildPhase section */
		684427322D13F09C002E9BC6 /* Embed Foundation Extensions */ = {
			isa = PBXCopyFilesBuildPhase;
			buildActionMask = 2147483647;
			dstPath = "";
			dstSubfolderSpec = 13;
			files = (
				6844272D2D13F09C002E9BC6 /* myBrain by neocoreShare.appex in Embed Foundation Extensions */,
			);
			name = "Embed Foundation Extensions";
			runOnlyForDeploymentPostprocessing = 0;
		};
/* End PBXCopyFilesBuildPhase section */

/* Begin PBXFileReference section */
		684426C82D13CF03002E9BC6 /* myBrain by neocore.app */ = {isa = PBXFileReference; explicitFileType = wrapper.application; includeInIndex = 0; path = "myBrain by neocore.app"; sourceTree = BUILT_PRODUCTS_DIR; };
		684426FB2D13D580002E9BC6 /* Assets.xcassets */ = {isa = PBXFileReference; lastKnownFileType = folder.assetcatalog; path = Assets.xcassets; sourceTree = "<group>"; };
		684426FC2D13D580002E9BC6 /* ContentView.swift */ = {isa = PBXFileReference; lastKnownFileType = sourcecode.swift; path = ContentView.swift; sourceTree = "<group>"; };
		684426FD2D13D580002E9BC6 /* Item.swift */ = {isa = PBXFileReference; lastKnownFileType = sourcecode.swift; path = Item.swift; sourceTree = "<group>"; };
		684426FE2D13D580002E9BC6 /* myBrainApp.swift */ = {isa = PBXFileReference; lastKnownFileType = sourcecode.swift; path = myBrainApp.swift; sourceTree = "<group>"; };
		684426FF2D13D580002E9BC6 /* Preview Assets.xcassets */ = {isa = PBXFileReference; lastKnownFileType = folder.assetcatalog; path = "Preview Assets.xcassets"; sourceTree = "<group>"; };
		684427062D13D585002E9BC6 /* myBrain-Bridging-Header.h */ = {isa = PBXFileReference; lastKnownFileType = sourcecode.c.h; path = "myBrain-Bridging-Header.h"; sourceTree = "<group>"; };
		6844270B2D13D802002E9BC6 /* AuthModels.swift */ = {isa = PBXFileReference; lastKnownFileType = sourcecode.swift; path = AuthModels.swift; sourceTree = "<group>"; };
		6844270D2D13D862002E9BC6 /* AuthViewModel.swift */ = {isa = PBXFileReference; lastKnownFileType = sourcecode.swift; path = AuthViewModel.swift; sourceTree = "<group>"; };
		684427172D13E17B002E9BC6 /* AuthData.swift */ = {isa = PBXFileReference; lastKnownFileType = sourcecode.swift; path = AuthData.swift; sourceTree = "<group>"; };
		684427192D13E572002E9BC6 /* Thought.swift */ = {isa = PBXFileReference; lastKnownFileType = sourcecode.swift; path = Thought.swift; sourceTree = "<group>"; };
		6844271B2D13E5B6002E9BC6 /* ThoughtsViewModel.swift */ = {isa = PBXFileReference; lastKnownFileType = sourcecode.swift; path = ThoughtsViewModel.swift; sourceTree = "<group>"; };
		684427232D13F09C002E9BC6 /* myBrain by neocoreShare.appex */ = {isa = PBXFileReference; explicitFileType = "wrapper.app-extension"; includeInIndex = 0; path = "myBrain by neocoreShare.appex"; sourceTree = BUILT_PRODUCTS_DIR; };
		684427332D13F189002E9BC6 /* myBrain.entitlements */ = {isa = PBXFileReference; lastKnownFileType = text.plist.entitlements; name = myBrain.entitlements; path = myBrain/myBrain.entitlements; sourceTree = "<group>"; };
		684427372D13F22E002E9BC6 /*  SharedDataManager.swift */ = {isa = PBXFileReference; lastKnownFileType = sourcecode.swift; path = " SharedDataManager.swift"; sourceTree = "<group>"; };
		684427602D14B96B002E9BC6 /* WebSocketViewModel.swift */ = {isa = PBXFileReference; lastKnownFileType = sourcecode.swift; path = WebSocketViewModel.swift; sourceTree = "<group>"; };
		68ACE9C82D17C78C003BCC83 /* PerformanceViewModel.swift */ = {isa = PBXFileReference; lastKnownFileType = sourcecode.swift; path = PerformanceViewModel.swift; sourceTree = "<group>"; };
		68DF43FC2D20CE5F00A6E46C /* SubtitleViewModel.swift */ = {isa = PBXFileReference; lastKnownFileType = sourcecode.swift; path = SubtitleViewModel.swift; sourceTree = "<group>"; };
		68DF43FE2D20CEA800A6E46C /* StreamModels.swift */ = {isa = PBXFileReference; lastKnownFileType = sourcecode.swift; path = StreamModels.swift; sourceTree = "<group>"; };
/* End PBXFileReference section */

/* Begin PBXFileSystemSynchronizedBuildFileExceptionSet section */
		6844272E2D13F09C002E9BC6 /* Exceptions for "myBrainShare" folder in "myBrain by neocoreShare" target */ = {
			isa = PBXFileSystemSynchronizedBuildFileExceptionSet;
			membershipExceptions = (
				Info.plist,
			);
			target = 684427222D13F09C002E9BC6 /* myBrain by neocoreShare */;
		};
/* End PBXFileSystemSynchronizedBuildFileExceptionSet section */

/* Begin PBXFileSystemSynchronizedRootGroup section */
		684063782D39E32200E3CB73 /* View */ = {
			isa = PBXFileSystemSynchronizedRootGroup;
			path = View;
			sourceTree = "<group>";
		};
		684427242D13F09C002E9BC6 /* myBrainShare */ = {
			isa = PBXFileSystemSynchronizedRootGroup;
			exceptions = (
				6844272E2D13F09C002E9BC6 /* Exceptions for "myBrainShare" folder in "myBrain by neocoreShare" target */,
			);
			path = myBrainShare;
			sourceTree = "<group>";
		};
/* End PBXFileSystemSynchronizedRootGroup section */

/* Begin PBXFrameworksBuildPhase section */
		684426C52D13CF03002E9BC6 /* Frameworks */ = {
			isa = PBXFrameworksBuildPhase;
			buildActionMask = 2147483647;
			files = (
			);
			runOnlyForDeploymentPostprocessing = 0;
		};
		684427202D13F09C002E9BC6 /* Frameworks */ = {
			isa = PBXFrameworksBuildPhase;
			buildActionMask = 2147483647;
			files = (
				68FE23132D43328F00FA59AA /* Lottie in Frameworks */,
			);
			runOnlyForDeploymentPostprocessing = 0;
		};
/* End PBXFrameworksBuildPhase section */

/* Begin PBXGroup section */
		684426BF2D13CF03002E9BC6 = {
			isa = PBXGroup;
			children = (
				684427332D13F189002E9BC6 /* myBrain.entitlements */,
				684063782D39E32200E3CB73 /* View */,
				684427092D13D793002E9BC6 /* ViewModel */,
				684427072D13D761002E9BC6 /* Model */,
				684427242D13F09C002E9BC6 /* myBrainShare */,
				684426C92D13CF03002E9BC6 /* Products */,
				684426FB2D13D580002E9BC6 /* Assets.xcassets */,
				684426FC2D13D580002E9BC6 /* ContentView.swift */,
				684426FD2D13D580002E9BC6 /* Item.swift */,
				684426FE2D13D580002E9BC6 /* myBrainApp.swift */,
				684427002D13D580002E9BC6 /* Preview Content */,
				684427062D13D585002E9BC6 /* myBrain-Bridging-Header.h */,
			);
			sourceTree = "<group>";
		};
		684426C92D13CF03002E9BC6 /* Products */ = {
			isa = PBXGroup;
			children = (
				684426C82D13CF03002E9BC6 /* myBrain by neocore.app */,
				684427232D13F09C002E9BC6 /* myBrain by neocoreShare.appex */,
			);
			name = Products;
			sourceTree = "<group>";
		};
		684427002D13D580002E9BC6 /* Preview Content */ = {
			isa = PBXGroup;
			children = (
				684426FF2D13D580002E9BC6 /* Preview Assets.xcassets */,
			);
			path = "Preview Content";
			sourceTree = "<group>";
		};
		684427072D13D761002E9BC6 /* Model */ = {
			isa = PBXGroup;
			children = (
				6844270B2D13D802002E9BC6 /* AuthModels.swift */,
				684427192D13E572002E9BC6 /* Thought.swift */,
				684427372D13F22E002E9BC6 /*  SharedDataManager.swift */,
				68DF43FE2D20CEA800A6E46C /* StreamModels.swift */,
			);
			path = Model;
			sourceTree = "<group>";
		};
		684427092D13D793002E9BC6 /* ViewModel */ = {
			isa = PBXGroup;
			children = (
				6844270D2D13D862002E9BC6 /* AuthViewModel.swift */,
				684427172D13E17B002E9BC6 /* AuthData.swift */,
				6844271B2D13E5B6002E9BC6 /* ThoughtsViewModel.swift */,
				684427602D14B96B002E9BC6 /* WebSocketViewModel.swift */,
				68ACE9C82D17C78C003BCC83 /* PerformanceViewModel.swift */,
				68DF43FC2D20CE5F00A6E46C /* SubtitleViewModel.swift */,
			);
			path = ViewModel;
			sourceTree = "<group>";
		};
/* End PBXGroup section */

/* Begin PBXNativeTarget section */
		684426C72D13CF03002E9BC6 /* myBrain by neocore */ = {
			isa = PBXNativeTarget;
			buildConfigurationList = 684426EE2D13CF05002E9BC6 /* Build configuration list for PBXNativeTarget "myBrain by neocore" */;
			buildPhases = (
				684426C42D13CF03002E9BC6 /* Sources */,
				684426C52D13CF03002E9BC6 /* Frameworks */,
				684426C62D13CF03002E9BC6 /* Resources */,
				684427322D13F09C002E9BC6 /* Embed Foundation Extensions */,
			);
			buildRules = (
			);
			dependencies = (
				6844272C2D13F09C002E9BC6 /* PBXTargetDependency */,
			);
			fileSystemSynchronizedGroups = (
				684063782D39E32200E3CB73 /* View */,
			);
			name = "myBrain by neocore";
			packageProductDependencies = (
			);
			productName = myBrain;
			productReference = 684426C82D13CF03002E9BC6 /* myBrain by neocore.app */;
			productType = "com.apple.product-type.application";
		};
		684427222D13F09C002E9BC6 /* myBrain by neocoreShare */ = {
			isa = PBXNativeTarget;
			buildConfigurationList = 6844272F2D13F09C002E9BC6 /* Build configuration list for PBXNativeTarget "myBrain by neocoreShare" */;
			buildPhases = (
				6844271F2D13F09C002E9BC6 /* Sources */,
				684427202D13F09C002E9BC6 /* Frameworks */,
				684427212D13F09C002E9BC6 /* Resources */,
			);
			buildRules = (
			);
			dependencies = (
			);
			fileSystemSynchronizedGroups = (
				684427242D13F09C002E9BC6 /* myBrainShare */,
			);
			name = "myBrain by neocoreShare";
			packageProductDependencies = (
				68FE23122D43328F00FA59AA /* Lottie */,
			);
			productName = myBrainShare;
			productReference = 684427232D13F09C002E9BC6 /* myBrain by neocoreShare.appex */;
			productType = "com.apple.product-type.app-extension";
		};
/* End PBXNativeTarget section */

/* Begin PBXProject section */
		684426C02D13CF03002E9BC6 /* Project object */ = {
			isa = PBXProject;
			attributes = {
				BuildIndependentTargetsInParallel = 1;
				LastSwiftUpdateCheck = 1620;
				LastUpgradeCheck = 1620;
				TargetAttributes = {
					684426C72D13CF03002E9BC6 = {
						CreatedOnToolsVersion = 16.2;
						LastSwiftMigration = 1620;
					};
					684427222D13F09C002E9BC6 = {
						CreatedOnToolsVersion = 16.2;
					};
				};
			};
			buildConfigurationList = 684426C32D13CF03002E9BC6 /* Build configuration list for PBXProject "myBrain by neocore" */;
			developmentRegion = en;
			hasScannedForEncodings = 0;
			knownRegions = (
				en,
				Base,
			);
			mainGroup = 684426BF2D13CF03002E9BC6;
			minimizedProjectReferenceProxies = 1;
			packageReferences = (
				68FE23112D43328F00FA59AA /* XCRemoteSwiftPackageReference "lottie-ios" */,
			);
			preferredProjectObjectVersion = 77;
			productRefGroup = 684426C92D13CF03002E9BC6 /* Products */;
			projectDirPath = "";
			projectRoot = "";
			targets = (
				684426C72D13CF03002E9BC6 /* myBrain by neocore */,
				684427222D13F09C002E9BC6 /* myBrain by neocoreShare */,
			);
		};
/* End PBXProject section */

/* Begin PBXResourcesBuildPhase section */
		684426C62D13CF03002E9BC6 /* Resources */ = {
			isa = PBXResourcesBuildPhase;
			buildActionMask = 2147483647;
			files = (
				684427012D13D580002E9BC6 /* Preview Assets.xcassets in Resources */,
				684427022D13D580002E9BC6 /* Assets.xcassets in Resources */,
			);
			runOnlyForDeploymentPostprocessing = 0;
		};
		684427212D13F09C002E9BC6 /* Resources */ = {
			isa = PBXResourcesBuildPhase;
			buildActionMask = 2147483647;
			files = (
			);
			runOnlyForDeploymentPostprocessing = 0;
		};
/* End PBXResourcesBuildPhase section */

/* Begin PBXSourcesBuildPhase section */
		684426C42D13CF03002E9BC6 /* Sources */ = {
			isa = PBXSourcesBuildPhase;
			buildActionMask = 2147483647;
			files = (
				68DF43FD2D20CE5F00A6E46C /* SubtitleViewModel.swift in Sources */,
				6844270E2D13D862002E9BC6 /* AuthViewModel.swift in Sources */,
				684427032D13D580002E9BC6 /* myBrainApp.swift in Sources */,
				684427612D14B96B002E9BC6 /* WebSocketViewModel.swift in Sources */,
				684427382D13F22E002E9BC6 /*  SharedDataManager.swift in Sources */,
				68ACE9C92D17C78C003BCC83 /* PerformanceViewModel.swift in Sources */,
				6844270C2D13D802002E9BC6 /* AuthModels.swift in Sources */,
				6844271A2D13E572002E9BC6 /* Thought.swift in Sources */,
				684427042D13D580002E9BC6 /* ContentView.swift in Sources */,
				6844271C2D13E5B6002E9BC6 /* ThoughtsViewModel.swift in Sources */,
				684427182D13E17B002E9BC6 /* AuthData.swift in Sources */,
				684427052D13D580002E9BC6 /* Item.swift in Sources */,
				68DF43FF2D20CEA800A6E46C /* StreamModels.swift in Sources */,
			);
			runOnlyForDeploymentPostprocessing = 0;
		};
		6844271F2D13F09C002E9BC6 /* Sources */ = {
			isa = PBXSourcesBuildPhase;
			buildActionMask = 2147483647;
			files = (
				684427392D13F22E002E9BC6 /*  SharedDataManager.swift in Sources */,
			);
			runOnlyForDeploymentPostprocessing = 0;
		};
/* End PBXSourcesBuildPhase section */

/* Begin PBXTargetDependency section */
		6844272C2D13F09C002E9BC6 /* PBXTargetDependency */ = {
			isa = PBXTargetDependency;
			target = 684427222D13F09C002E9BC6 /* myBrain by neocoreShare */;
			targetProxy = 6844272B2D13F09C002E9BC6 /* PBXContainerItemProxy */;
		};
/* End PBXTargetDependency section */

/* Begin XCBuildConfiguration section */
		684426EC2D13CF05002E9BC6 /* Debug */ = {
			isa = XCBuildConfiguration;
			buildSettings = {
				ALWAYS_SEARCH_USER_PATHS = NO;
				ASSETCATALOG_COMPILER_GENERATE_SWIFT_ASSET_SYMBOL_EXTENSIONS = YES;
				CLANG_ANALYZER_NONNULL = YES;
				CLANG_ANALYZER_NUMBER_OBJECT_CONVERSION = YES_AGGRESSIVE;
				CLANG_CXX_LANGUAGE_STANDARD = "gnu++20";
				CLANG_ENABLE_MODULES = YES;
				CLANG_ENABLE_OBJC_ARC = YES;
				CLANG_ENABLE_OBJC_WEAK = YES;
				CLANG_WARN_BLOCK_CAPTURE_AUTORELEASING = YES;
				CLANG_WARN_BOOL_CONVERSION = YES;
				CLANG_WARN_COMMA = YES;
				CLANG_WARN_CONSTANT_CONVERSION = YES;
				CLANG_WARN_DEPRECATED_OBJC_IMPLEMENTATIONS = YES;
				CLANG_WARN_DIRECT_OBJC_ISA_USAGE = YES_ERROR;
				CLANG_WARN_DOCUMENTATION_COMMENTS = YES;
				CLANG_WARN_EMPTY_BODY = YES;
				CLANG_WARN_ENUM_CONVERSION = YES;
				CLANG_WARN_INFINITE_RECURSION = YES;
				CLANG_WARN_INT_CONVERSION = YES;
				CLANG_WARN_NON_LITERAL_NULL_CONVERSION = YES;
				CLANG_WARN_OBJC_IMPLICIT_RETAIN_SELF = YES;
				CLANG_WARN_OBJC_LITERAL_CONVERSION = YES;
				CLANG_WARN_OBJC_ROOT_CLASS = YES_ERROR;
				CLANG_WARN_QUOTED_INCLUDE_IN_FRAMEWORK_HEADER = YES;
				CLANG_WARN_RANGE_LOOP_ANALYSIS = YES;
				CLANG_WARN_STRICT_PROTOTYPES = YES;
				CLANG_WARN_SUSPICIOUS_MOVE = YES;
				CLANG_WARN_UNGUARDED_AVAILABILITY = YES_AGGRESSIVE;
				CLANG_WARN_UNREACHABLE_CODE = YES;
				CLANG_WARN__DUPLICATE_METHOD_MATCH = YES;
				COPY_PHASE_STRIP = NO;
				DEBUG_INFORMATION_FORMAT = dwarf;
				ENABLE_STRICT_OBJC_MSGSEND = YES;
				ENABLE_TESTABILITY = YES;
				ENABLE_USER_SCRIPT_SANDBOXING = YES;
				GCC_C_LANGUAGE_STANDARD = gnu17;
				GCC_DYNAMIC_NO_PIC = NO;
				GCC_NO_COMMON_BLOCKS = YES;
				GCC_OPTIMIZATION_LEVEL = 0;
				GCC_PREPROCESSOR_DEFINITIONS = (
					"DEBUG=1",
					"$(inherited)",
				);
				GCC_WARN_64_TO_32_BIT_CONVERSION = YES;
				GCC_WARN_ABOUT_RETURN_TYPE = YES_ERROR;
				GCC_WARN_UNDECLARED_SELECTOR = YES;
				GCC_WARN_UNINITIALIZED_AUTOS = YES_AGGRESSIVE;
				GCC_WARN_UNUSED_FUNCTION = YES;
				GCC_WARN_UNUSED_VARIABLE = YES;
				IPHONEOS_DEPLOYMENT_TARGET = 18.2;
				LOCALIZATION_PREFERS_STRING_CATALOGS = YES;
				MTL_ENABLE_DEBUG_INFO = INCLUDE_SOURCE;
				MTL_FAST_MATH = YES;
				ONLY_ACTIVE_ARCH = YES;
				SDKROOT = iphoneos;
				SWIFT_ACTIVE_COMPILATION_CONDITIONS = "DEBUG $(inherited)";
				SWIFT_OPTIMIZATION_LEVEL = "-Onone";
			};
			name = Debug;
		};
		684426ED2D13CF05002E9BC6 /* Release */ = {
			isa = XCBuildConfiguration;
			buildSettings = {
				ALWAYS_SEARCH_USER_PATHS = NO;
				ASSETCATALOG_COMPILER_GENERATE_SWIFT_ASSET_SYMBOL_EXTENSIONS = YES;
				CLANG_ANALYZER_NONNULL = YES;
				CLANG_ANALYZER_NUMBER_OBJECT_CONVERSION = YES_AGGRESSIVE;
				CLANG_CXX_LANGUAGE_STANDARD = "gnu++20";
				CLANG_ENABLE_MODULES = YES;
				CLANG_ENABLE_OBJC_ARC = YES;
				CLANG_ENABLE_OBJC_WEAK = YES;
				CLANG_WARN_BLOCK_CAPTURE_AUTORELEASING = YES;
				CLANG_WARN_BOOL_CONVERSION = YES;
				CLANG_WARN_COMMA = YES;
				CLANG_WARN_CONSTANT_CONVERSION = YES;
				CLANG_WARN_DEPRECATED_OBJC_IMPLEMENTATIONS = YES;
				CLANG_WARN_DIRECT_OBJC_ISA_USAGE = YES_ERROR;
				CLANG_WARN_DOCUMENTATION_COMMENTS = YES;
				CLANG_WARN_EMPTY_BODY = YES;
				CLANG_WARN_ENUM_CONVERSION = YES;
				CLANG_WARN_INFINITE_RECURSION = YES;
				CLANG_WARN_INT_CONVERSION = YES;
				CLANG_WARN_NON_LITERAL_NULL_CONVERSION = YES;
				CLANG_WARN_OBJC_IMPLICIT_RETAIN_SELF = YES;
				CLANG_WARN_OBJC_LITERAL_CONVERSION = YES;
				CLANG_WARN_OBJC_ROOT_CLASS = YES_ERROR;
				CLANG_WARN_QUOTED_INCLUDE_IN_FRAMEWORK_HEADER = YES;
				CLANG_WARN_RANGE_LOOP_ANALYSIS = YES;
				CLANG_WARN_STRICT_PROTOTYPES = YES;
				CLANG_WARN_SUSPICIOUS_MOVE = YES;
				CLANG_WARN_UNGUARDED_AVAILABILITY = YES_AGGRESSIVE;
				CLANG_WARN_UNREACHABLE_CODE = YES;
				CLANG_WARN__DUPLICATE_METHOD_MATCH = YES;
				COPY_PHASE_STRIP = NO;
				DEBUG_INFORMATION_FORMAT = "dwarf-with-dsym";
				ENABLE_NS_ASSERTIONS = NO;
				ENABLE_STRICT_OBJC_MSGSEND = YES;
				ENABLE_USER_SCRIPT_SANDBOXING = YES;
				GCC_C_LANGUAGE_STANDARD = gnu17;
				GCC_NO_COMMON_BLOCKS = YES;
				GCC_WARN_64_TO_32_BIT_CONVERSION = YES;
				GCC_WARN_ABOUT_RETURN_TYPE = YES_ERROR;
				GCC_WARN_UNDECLARED_SELECTOR = YES;
				GCC_WARN_UNINITIALIZED_AUTOS = YES_AGGRESSIVE;
				GCC_WARN_UNUSED_FUNCTION = YES;
				GCC_WARN_UNUSED_VARIABLE = YES;
				IPHONEOS_DEPLOYMENT_TARGET = 18.2;
				LOCALIZATION_PREFERS_STRING_CATALOGS = YES;
				MTL_ENABLE_DEBUG_INFO = NO;
				MTL_FAST_MATH = YES;
				SDKROOT = iphoneos;
				SWIFT_COMPILATION_MODE = wholemodule;
				VALIDATE_PRODUCT = YES;
			};
			name = Release;
		};
		684426EF2D13CF05002E9BC6 /* Debug */ = {
			isa = XCBuildConfiguration;
			buildSettings = {
				ASSETCATALOG_COMPILER_APPICON_NAME = AppIcon;
				ASSETCATALOG_COMPILER_GLOBAL_ACCENT_COLOR_NAME = AccentColor;
				CLANG_ENABLE_MODULES = YES;
				CODE_SIGN_ENTITLEMENTS = myBrain/myBrain.entitlements;
				CODE_SIGN_STYLE = Automatic;
				CURRENT_PROJECT_VERSION = 1;
				DEVELOPMENT_ASSET_PATHS = "\"Preview Content\"";
				DEVELOPMENT_TEAM = MS7857L94F;
				ENABLE_PREVIEWS = YES;
				GENERATE_INFOPLIST_FILE = YES;
				INFOPLIST_KEY_UIApplicationSceneManifest_Generation = YES;
				INFOPLIST_KEY_UIApplicationSupportsIndirectInputEvents = YES;
				INFOPLIST_KEY_UILaunchScreen_Generation = YES;
				INFOPLIST_KEY_UISupportedInterfaceOrientations_iPad = "UIInterfaceOrientationPortrait UIInterfaceOrientationPortraitUpsideDown UIInterfaceOrientationLandscapeLeft UIInterfaceOrientationLandscapeRight";
				INFOPLIST_KEY_UISupportedInterfaceOrientations_iPhone = "UIInterfaceOrientationPortrait UIInterfaceOrientationLandscapeLeft UIInterfaceOrientationLandscapeRight";
				IPHONEOS_DEPLOYMENT_TARGET = 17.6;
				LD_RUNPATH_SEARCH_PATHS = (
					"$(inherited)",
					"@executable_path/Frameworks",
				);
				MARKETING_VERSION = 1.0;
				PRODUCT_BUNDLE_IDENTIFIER = neocore.myBrain;
				PRODUCT_NAME = "$(TARGET_NAME)";
				SWIFT_EMIT_LOC_STRINGS = YES;
				SWIFT_OBJC_BRIDGING_HEADER = "myBrain-Bridging-Header.h";
				SWIFT_OPTIMIZATION_LEVEL = "-Onone";
				SWIFT_VERSION = 5.0;
				TARGETED_DEVICE_FAMILY = "1,2";
			};
			name = Debug;
		};
		684426F02D13CF05002E9BC6 /* Release */ = {
			isa = XCBuildConfiguration;
			buildSettings = {
				ASSETCATALOG_COMPILER_APPICON_NAME = AppIcon;
				ASSETCATALOG_COMPILER_GLOBAL_ACCENT_COLOR_NAME = AccentColor;
				CLANG_ENABLE_MODULES = YES;
				CODE_SIGN_ENTITLEMENTS = myBrain/myBrain.entitlements;
				CODE_SIGN_STYLE = Automatic;
				CURRENT_PROJECT_VERSION = 1;
				DEVELOPMENT_ASSET_PATHS = "\"Preview Content\"";
				DEVELOPMENT_TEAM = MS7857L94F;
				ENABLE_PREVIEWS = YES;
				GENERATE_INFOPLIST_FILE = YES;
				INFOPLIST_KEY_UIApplicationSceneManifest_Generation = YES;
				INFOPLIST_KEY_UIApplicationSupportsIndirectInputEvents = YES;
				INFOPLIST_KEY_UILaunchScreen_Generation = YES;
				INFOPLIST_KEY_UISupportedInterfaceOrientations_iPad = "UIInterfaceOrientationPortrait UIInterfaceOrientationPortraitUpsideDown UIInterfaceOrientationLandscapeLeft UIInterfaceOrientationLandscapeRight";
				INFOPLIST_KEY_UISupportedInterfaceOrientations_iPhone = "UIInterfaceOrientationPortrait UIInterfaceOrientationLandscapeLeft UIInterfaceOrientationLandscapeRight";
				IPHONEOS_DEPLOYMENT_TARGET = 17.6;
				LD_RUNPATH_SEARCH_PATHS = (
					"$(inherited)",
					"@executable_path/Frameworks",
				);
				MARKETING_VERSION = 1.0;
				PRODUCT_BUNDLE_IDENTIFIER = neocore.myBrain;
				PRODUCT_NAME = "$(TARGET_NAME)";
				SWIFT_EMIT_LOC_STRINGS = YES;
				SWIFT_OBJC_BRIDGING_HEADER = "myBrain-Bridging-Header.h";
				SWIFT_VERSION = 5.0;
				TARGETED_DEVICE_FAMILY = "1,2";
			};
			name = Release;
		};
		684427302D13F09C002E9BC6 /* Debug */ = {
			isa = XCBuildConfiguration;
			buildSettings = {
				CODE_SIGN_ENTITLEMENTS = myBrainShare/myBrainShare.entitlements;
				CODE_SIGN_STYLE = Automatic;
				CURRENT_PROJECT_VERSION = 1;
				DEVELOPMENT_TEAM = MS7857L94F;
				GENERATE_INFOPLIST_FILE = YES;
				INFOPLIST_FILE = myBrainShare/Info.plist;
				INFOPLIST_KEY_CFBundleDisplayName = myBrainShare;
				INFOPLIST_KEY_NSHumanReadableCopyright = "";
				IPHONEOS_DEPLOYMENT_TARGET = 17.6;
				LD_RUNPATH_SEARCH_PATHS = (
					"$(inherited)",
					"@executable_path/Frameworks",
					"@executable_path/../../Frameworks",
				);
				MARKETING_VERSION = 1.0;
				PRODUCT_BUNDLE_IDENTIFIER = neocore.myBrain.myBrainShare;
				PRODUCT_NAME = "$(TARGET_NAME)";
				SKIP_INSTALL = YES;
				SWIFT_EMIT_LOC_STRINGS = YES;
				SWIFT_VERSION = 5.0;
				TARGETED_DEVICE_FAMILY = "1,2";
			};
			name = Debug;
		};
		684427312D13F09C002E9BC6 /* Release */ = {
			isa = XCBuildConfiguration;
			buildSettings = {
				CODE_SIGN_ENTITLEMENTS = myBrainShare/myBrainShare.entitlements;
				CODE_SIGN_STYLE = Automatic;
				CURRENT_PROJECT_VERSION = 1;
				DEVELOPMENT_TEAM = MS7857L94F;
				GENERATE_INFOPLIST_FILE = YES;
				INFOPLIST_FILE = myBrainShare/Info.plist;
				INFOPLIST_KEY_CFBundleDisplayName = myBrainShare;
				INFOPLIST_KEY_NSHumanReadableCopyright = "";
				IPHONEOS_DEPLOYMENT_TARGET = 17.6;
				LD_RUNPATH_SEARCH_PATHS = (
					"$(inherited)",
					"@executable_path/Frameworks",
					"@executable_path/../../Frameworks",
				);
				MARKETING_VERSION = 1.0;
				PRODUCT_BUNDLE_IDENTIFIER = neocore.myBrain.myBrainShare;
				PRODUCT_NAME = "$(TARGET_NAME)";
				SKIP_INSTALL = YES;
				SWIFT_EMIT_LOC_STRINGS = YES;
				SWIFT_VERSION = 5.0;
				TARGETED_DEVICE_FAMILY = "1,2";
			};
			name = Release;
		};
/* End XCBuildConfiguration section */

/* Begin XCConfigurationList section */
		684426C32D13CF03002E9BC6 /* Build configuration list for PBXProject "myBrain by neocore" */ = {
			isa = XCConfigurationList;
			buildConfigurations = (
				684426EC2D13CF05002E9BC6 /* Debug */,
				684426ED2D13CF05002E9BC6 /* Release */,
			);
			defaultConfigurationIsVisible = 0;
			defaultConfigurationName = Release;
		};
		684426EE2D13CF05002E9BC6 /* Build configuration list for PBXNativeTarget "myBrain by neocore" */ = {
			isa = XCConfigurationList;
			buildConfigurations = (
				684426EF2D13CF05002E9BC6 /* Debug */,
				684426F02D13CF05002E9BC6 /* Release */,
			);
			defaultConfigurationIsVisible = 0;
			defaultConfigurationName = Release;
		};
		6844272F2D13F09C002E9BC6 /* Build configuration list for PBXNativeTarget "myBrain by neocoreShare" */ = {
			isa = XCConfigurationList;
			buildConfigurations = (
				684427302D13F09C002E9BC6 /* Debug */,
				684427312D13F09C002E9BC6 /* Release */,
			);
			defaultConfigurationIsVisible = 0;
			defaultConfigurationName = Release;
		};
/* End XCConfigurationList section */

/* Begin XCRemoteSwiftPackageReference section */
		68FE23112D43328F00FA59AA /* XCRemoteSwiftPackageReference "lottie-ios" */ = {
			isa = XCRemoteSwiftPackageReference;
			repositoryURL = "https://github.com/airbnb/lottie-ios";
			requirement = {
				kind = upToNextMajorVersion;
				minimumVersion = 4.5.1;
			};
		};
/* End XCRemoteSwiftPackageReference section */

/* Begin XCSwiftPackageProductDependency section */
		68FE23122D43328F00FA59AA /* Lottie */ = {
			isa = XCSwiftPackageProductDependency;
			package = 68FE23112D43328F00FA59AA /* XCRemoteSwiftPackageReference "lottie-ios" */;
			productName = Lottie;
		};
/* End XCSwiftPackageProductDependency section */
	};
	rootObject = 684426C02D13CF03002E9BC6 /* Project object */;
}
